// !$*UTF8*$!
{
	archiveVersion = 1;
	classes = {
	};
	objectVersion = 51;
	objects = {

/* Begin PBXBuildFile section */
		1E694318281847DC00894579 /* CreateATweetViewController.swift in Sources */ = {isa = PBXBuildFile; fileRef = 1E694317281847DC00894579 /* CreateATweetViewController.swift */; };
		1E6DD0342816E93400673F76 /* TweetTableViewCell.swift in Sources */ = {isa = PBXBuildFile; fileRef = 1E6DD0322816E93400673F76 /* TweetTableViewCell.swift */; };
		1E6DD0352816E93400673F76 /* TweetTableViewCell.xib in Resources */ = {isa = PBXBuildFile; fileRef = 1E6DD0332816E93400673F76 /* TweetTableViewCell.xib */; };
		1E6E504C281ADC3D0054FEA8 /* Tweets.swift in Sources */ = {isa = PBXBuildFile; fileRef = 1E6E504B281ADC3D0054FEA8 /* Tweets.swift */; };
		1E6E5063281AE3C00054FEA8 /* Message.swift in Sources */ = {isa = PBXBuildFile; fileRef = 1E6E5062281AE3C00054FEA8 /* Message.swift */; };
		1E6E5066281AE6180054FEA8 /* MessagesTableViewCell.swift in Sources */ = {isa = PBXBuildFile; fileRef = 1E6E5065281AE6180054FEA8 /* MessagesTableViewCell.swift */; };
		1E7DE19D2812F93C003CEE5D /* AppDelegate.swift in Sources */ = {isa = PBXBuildFile; fileRef = 1E7DE19C2812F93C003CEE5D /* AppDelegate.swift */; };
		1E7DE19F2812F93C003CEE5D /* SceneDelegate.swift in Sources */ = {isa = PBXBuildFile; fileRef = 1E7DE19E2812F93C003CEE5D /* SceneDelegate.swift */; };
		1E7DE1A12812F93C003CEE5D /* ViewController.swift in Sources */ = {isa = PBXBuildFile; fileRef = 1E7DE1A02812F93C003CEE5D /* ViewController.swift */; };
		1E7DE1A42812F93C003CEE5D /* Main.storyboard in Resources */ = {isa = PBXBuildFile; fileRef = 1E7DE1A22812F93C003CEE5D /* Main.storyboard */; };
		1E7DE1A62812F940003CEE5D /* Assets.xcassets in Resources */ = {isa = PBXBuildFile; fileRef = 1E7DE1A52812F940003CEE5D /* Assets.xcassets */; };
		1E7DE1A92812F940003CEE5D /* LaunchScreen.storyboard in Resources */ = {isa = PBXBuildFile; fileRef = 1E7DE1A72812F940003CEE5D /* LaunchScreen.storyboard */; };
		1E7DE1B22812FA23003CEE5D /* GoogleService-Info.plist in Resources */ = {isa = PBXBuildFile; fileRef = 1E7DE1B12812FA23003CEE5D /* GoogleService-Info.plist */; };
		1E7DE1C62813058A003CEE5D /* LoginViewController.swift in Sources */ = {isa = PBXBuildFile; fileRef = 1E7DE1C52813058A003CEE5D /* LoginViewController.swift */; };
		1E7DE1C928130596003CEE5D /* SignUpViewController.swift in Sources */ = {isa = PBXBuildFile; fileRef = 1E7DE1C828130596003CEE5D /* SignUpViewController.swift */; };
		1ECBFC6A28143C6300ABE9D6 /* Presenter.swift in Sources */ = {isa = PBXBuildFile; fileRef = 1ECBFC6928143C6300ABE9D6 /* Presenter.swift */; };
		1ECBFC6D28143CAC00ABE9D6 /* HomeViewController.swift in Sources */ = {isa = PBXBuildFile; fileRef = 1ECBFC6C28143CAC00ABE9D6 /* HomeViewController.swift */; };
		1ECBFC7028143F2000ABE9D6 /* SearchViewController.swift in Sources */ = {isa = PBXBuildFile; fileRef = 1ECBFC6F28143F2000ABE9D6 /* SearchViewController.swift */; };
		1ECBFC7328143F2C00ABE9D6 /* NotificationsViewController.swift in Sources */ = {isa = PBXBuildFile; fileRef = 1ECBFC7228143F2C00ABE9D6 /* NotificationsViewController.swift */; };
		1ECBFC7528143F3900ABE9D6 /* MessagesViewController.swift in Sources */ = {isa = PBXBuildFile; fileRef = 1ECBFC7428143F3900ABE9D6 /* MessagesViewController.swift */; };
		1ECBFC792814415500ABE9D6 /* RootSideMenuTVC.swift in Sources */ = {isa = PBXBuildFile; fileRef = 1ECBFC782814415500ABE9D6 /* RootSideMenuTVC.swift */; };
		1ECBFC842814511000ABE9D6 /* SettingsViewController.swift in Sources */ = {isa = PBXBuildFile; fileRef = 1ECBFC832814511000ABE9D6 /* SettingsViewController.swift */; };
		D5C3900FDBF936B2E9DB8CEF /* Pods_twitterClone.framework in Frameworks */ = {isa = PBXBuildFile; fileRef = C92F637FB769A3CFBC0A3836 /* Pods_twitterClone.framework */; };
/* End PBXBuildFile section */

/* Begin PBXFileReference section */
		1E694317281847DC00894579 /* CreateATweetViewController.swift */ = {isa = PBXFileReference; lastKnownFileType = sourcecode.swift; path = CreateATweetViewController.swift; sourceTree = "<group>"; };
		1E6DD0322816E93400673F76 /* TweetTableViewCell.swift */ = {isa = PBXFileReference; lastKnownFileType = sourcecode.swift; path = TweetTableViewCell.swift; sourceTree = "<group>"; };
		1E6DD0332816E93400673F76 /* TweetTableViewCell.xib */ = {isa = PBXFileReference; lastKnownFileType = file.xib; path = TweetTableViewCell.xib; sourceTree = "<group>"; };
		1E6E504B281ADC3D0054FEA8 /* Tweets.swift */ = {isa = PBXFileReference; lastKnownFileType = sourcecode.swift; path = Tweets.swift; sourceTree = "<group>"; };
		1E6E5062281AE3C00054FEA8 /* Message.swift */ = {isa = PBXFileReference; lastKnownFileType = sourcecode.swift; path = Message.swift; sourceTree = "<group>"; };
		1E6E5065281AE6180054FEA8 /* MessagesTableViewCell.swift */ = {isa = PBXFileReference; lastKnownFileType = sourcecode.swift; path = MessagesTableViewCell.swift; sourceTree = "<group>"; };
		1E7DE1992812F93C003CEE5D /* twitterClone.app */ = {isa = PBXFileReference; explicitFileType = wrapper.application; includeInIndex = 0; path = twitterClone.app; sourceTree = BUILT_PRODUCTS_DIR; };
		1E7DE19C2812F93C003CEE5D /* AppDelegate.swift */ = {isa = PBXFileReference; lastKnownFileType = sourcecode.swift; path = AppDelegate.swift; sourceTree = "<group>"; };
		1E7DE19E2812F93C003CEE5D /* SceneDelegate.swift */ = {isa = PBXFileReference; lastKnownFileType = sourcecode.swift; path = SceneDelegate.swift; sourceTree = "<group>"; };
		1E7DE1A02812F93C003CEE5D /* ViewController.swift */ = {isa = PBXFileReference; lastKnownFileType = sourcecode.swift; path = ViewController.swift; sourceTree = "<group>"; };
		1E7DE1A32812F93C003CEE5D /* Base */ = {isa = PBXFileReference; lastKnownFileType = file.storyboard; name = Base; path = Base.lproj/Main.storyboard; sourceTree = "<group>"; };
		1E7DE1A52812F940003CEE5D /* Assets.xcassets */ = {isa = PBXFileReference; lastKnownFileType = folder.assetcatalog; path = Assets.xcassets; sourceTree = "<group>"; };
		1E7DE1A82812F940003CEE5D /* Base */ = {isa = PBXFileReference; lastKnownFileType = file.storyboard; name = Base; path = Base.lproj/LaunchScreen.storyboard; sourceTree = "<group>"; };
		1E7DE1AA2812F940003CEE5D /* Info.plist */ = {isa = PBXFileReference; lastKnownFileType = text.plist.xml; path = Info.plist; sourceTree = "<group>"; };
		1E7DE1B12812FA23003CEE5D /* GoogleService-Info.plist */ = {isa = PBXFileReference; fileEncoding = 4; lastKnownFileType = text.plist.xml; path = "GoogleService-Info.plist"; sourceTree = "<group>"; };
		1E7DE1C52813058A003CEE5D /* LoginViewController.swift */ = {isa = PBXFileReference; lastKnownFileType = sourcecode.swift; path = LoginViewController.swift; sourceTree = "<group>"; };
		1E7DE1C828130596003CEE5D /* SignUpViewController.swift */ = {isa = PBXFileReference; lastKnownFileType = sourcecode.swift; path = SignUpViewController.swift; sourceTree = "<group>"; };
		1ECBFC6928143C6300ABE9D6 /* Presenter.swift */ = {isa = PBXFileReference; lastKnownFileType = sourcecode.swift; path = Presenter.swift; sourceTree = "<group>"; };
		1ECBFC6C28143CAC00ABE9D6 /* HomeViewController.swift */ = {isa = PBXFileReference; lastKnownFileType = sourcecode.swift; path = HomeViewController.swift; sourceTree = "<group>"; };
		1ECBFC6F28143F2000ABE9D6 /* SearchViewController.swift */ = {isa = PBXFileReference; lastKnownFileType = sourcecode.swift; path = SearchViewController.swift; sourceTree = "<group>"; };
		1ECBFC7228143F2C00ABE9D6 /* NotificationsViewController.swift */ = {isa = PBXFileReference; lastKnownFileType = sourcecode.swift; path = NotificationsViewController.swift; sourceTree = "<group>"; };
		1ECBFC7428143F3900ABE9D6 /* MessagesViewController.swift */ = {isa = PBXFileReference; lastKnownFileType = sourcecode.swift; path = MessagesViewController.swift; sourceTree = "<group>"; };
		1ECBFC782814415500ABE9D6 /* RootSideMenuTVC.swift */ = {isa = PBXFileReference; lastKnownFileType = sourcecode.swift; path = RootSideMenuTVC.swift; sourceTree = "<group>"; };
		1ECBFC832814511000ABE9D6 /* SettingsViewController.swift */ = {isa = PBXFileReference; lastKnownFileType = sourcecode.swift; path = SettingsViewController.swift; sourceTree = "<group>"; };
		7DDF472B9AFA5ECAEF64CBD0 /* Pods-twitterClone.debug.xcconfig */ = {isa = PBXFileReference; includeInIndex = 1; lastKnownFileType = text.xcconfig; name = "Pods-twitterClone.debug.xcconfig"; path = "Target Support Files/Pods-twitterClone/Pods-twitterClone.debug.xcconfig"; sourceTree = "<group>"; };
		A6B9218C6B47FBD61755424B /* Pods-twitterClone.release.xcconfig */ = {isa = PBXFileReference; includeInIndex = 1; lastKnownFileType = text.xcconfig; name = "Pods-twitterClone.release.xcconfig"; path = "Target Support Files/Pods-twitterClone/Pods-twitterClone.release.xcconfig"; sourceTree = "<group>"; };
		C92F637FB769A3CFBC0A3836 /* Pods_twitterClone.framework */ = {isa = PBXFileReference; explicitFileType = wrapper.framework; includeInIndex = 0; path = Pods_twitterClone.framework; sourceTree = BUILT_PRODUCTS_DIR; };
/* End PBXFileReference section */

/* Begin PBXFrameworksBuildPhase section */
		1E7DE1962812F93C003CEE5D /* Frameworks */ = {
			isa = PBXFrameworksBuildPhase;
			buildActionMask = 2147483647;
			files = (
				D5C3900FDBF936B2E9DB8CEF /* Pods_twitterClone.framework in Frameworks */,
			);
			runOnlyForDeploymentPostprocessing = 0;
		};
/* End PBXFrameworksBuildPhase section */

/* Begin PBXGroup section */
		1E1568C02815AFD200D7C605 /* Before LogIn */ = {
			isa = PBXGroup;
			children = (
				1E7DE1A02812F93C003CEE5D /* ViewController.swift */,
				1E7DE1C52813058A003CEE5D /* LoginViewController.swift */,
				1E7DE1C828130596003CEE5D /* SignUpViewController.swift */,
			);
			path = "Before LogIn";
			sourceTree = "<group>";
		};
		1E1568C32815B01B00D7C605 /* After Login */ = {
			isa = PBXGroup;
			children = (
				1ECBFC6C28143CAC00ABE9D6 /* HomeViewController.swift */,
				1E694317281847DC00894579 /* CreateATweetViewController.swift */,
				1ECBFC6F28143F2000ABE9D6 /* SearchViewController.swift */,
				1ECBFC7228143F2C00ABE9D6 /* NotificationsViewController.swift */,
				1ECBFC7428143F3900ABE9D6 /* MessagesViewController.swift */,
			);
			path = "After Login";
			sourceTree = "<group>";
		};
		1E6DD0382816F05000673F76 /* tableViewCell */ = {
			isa = PBXGroup;
			children = (
				1E6DD0322816E93400673F76 /* TweetTableViewCell.swift */,
				1E6DD0332816E93400673F76 /* TweetTableViewCell.xib */,
				1E6E5065281AE6180054FEA8 /* MessagesTableViewCell.swift */,
			);
			path = tableViewCell;
			sourceTree = "<group>";
		};
		1E7DE1902812F93C003CEE5D = {
			isa = PBXGroup;
			children = (
				1E7DE19B2812F93C003CEE5D /* twitterClone */,
				1E7DE19A2812F93C003CEE5D /* Products */,
				C0E990A4DEB0ABC0D6E3FC7D /* Pods */,
				808697150A89619916CE5941 /* Frameworks */,
			);
			sourceTree = "<group>";
		};
		1E7DE19A2812F93C003CEE5D /* Products */ = {
			isa = PBXGroup;
			children = (
				1E7DE1992812F93C003CEE5D /* twitterClone.app */,
			);
			name = Products;
			sourceTree = "<group>";
		};
		1E7DE19B2812F93C003CEE5D /* twitterClone */ = {
			isa = PBXGroup;
			children = (
				1ECBFC6428143C0F00ABE9D6 /* MVP */,
				1E7DE19C2812F93C003CEE5D /* AppDelegate.swift */,
				1E7DE19E2812F93C003CEE5D /* SceneDelegate.swift */,
				1E7DE1A22812F93C003CEE5D /* Main.storyboard */,
				1E7DE1A52812F940003CEE5D /* Assets.xcassets */,
				1E7DE1A72812F940003CEE5D /* LaunchScreen.storyboard */,
				1E7DE1AA2812F940003CEE5D /* Info.plist */,
				1E7DE1B12812FA23003CEE5D /* GoogleService-Info.plist */,
			);
			path = twitterClone;
			sourceTree = "<group>";
		};
		1ECBFC6428143C0F00ABE9D6 /* MVP */ = {
			isa = PBXGroup;
			children = (
				1ECBFC6528143C1C00ABE9D6 /* Model */,
				1ECBFC6628143C2400ABE9D6 /* View */,
				1E6DD0382816F05000673F76 /* tableViewCell */,
				1ECBFC6828143C3000ABE9D6 /* Presenter */,
			);
			path = MVP;
			sourceTree = "<group>";
		};
		1ECBFC6528143C1C00ABE9D6 /* Model */ = {
			isa = PBXGroup;
			children = (
				1E6E504B281ADC3D0054FEA8 /* Tweets.swift */,
				1E6E5062281AE3C00054FEA8 /* Message.swift */,
			);
			path = Model;
			sourceTree = "<group>";
		};
		1ECBFC6628143C2400ABE9D6 /* View */ = {
			isa = PBXGroup;
			children = (
				1E1568C02815AFD200D7C605 /* Before LogIn */,
				1E1568C32815B01B00D7C605 /* After Login */,
				1ECBFC782814415500ABE9D6 /* RootSideMenuTVC.swift */,
				1ECBFC832814511000ABE9D6 /* SettingsViewController.swift */,
			);
			path = View;
			sourceTree = "<group>";
		};
		1ECBFC6828143C3000ABE9D6 /* Presenter */ = {
			isa = PBXGroup;
			children = (
				1ECBFC6928143C6300ABE9D6 /* Presenter.swift */,
			);
			path = Presenter;
			sourceTree = "<group>";
		};
		808697150A89619916CE5941 /* Frameworks */ = {
			isa = PBXGroup;
			children = (
				C92F637FB769A3CFBC0A3836 /* Pods_twitterClone.framework */,
			);
			name = Frameworks;
			sourceTree = "<group>";
		};
		C0E990A4DEB0ABC0D6E3FC7D /* Pods */ = {
			isa = PBXGroup;
			children = (
				7DDF472B9AFA5ECAEF64CBD0 /* Pods-twitterClone.debug.xcconfig */,
				A6B9218C6B47FBD61755424B /* Pods-twitterClone.release.xcconfig */,
			);
			path = Pods;
			sourceTree = "<group>";
		};
/* End PBXGroup section */

/* Begin PBXNativeTarget section */
		1E7DE1982812F93C003CEE5D /* twitterClone */ = {
			isa = PBXNativeTarget;
			buildConfigurationList = 1E7DE1AD2812F940003CEE5D /* Build configuration list for PBXNativeTarget "twitterClone" */;
			buildPhases = (
				00ECADBCC9A7FFE4BE7D851E /* [CP] Check Pods Manifest.lock */,
				1E7DE1952812F93C003CEE5D /* Sources */,
				1E7DE1962812F93C003CEE5D /* Frameworks */,
				1E7DE1972812F93C003CEE5D /* Resources */,
				48CCC1A90FD40C42D50AC0AA /* [CP] Embed Pods Frameworks */,
			);
			buildRules = (
			);
			dependencies = (
			);
			name = twitterClone;
			productName = twitterClone;
			productReference = 1E7DE1992812F93C003CEE5D /* twitterClone.app */;
			productType = "com.apple.product-type.application";
		};
/* End PBXNativeTarget section */

/* Begin PBXProject section */
		1E7DE1912812F93C003CEE5D /* Project object */ = {
			isa = PBXProject;
			attributes = {
				LastSwiftUpdateCheck = 1220;
				LastUpgradeCheck = 1220;
				TargetAttributes = {
					1E7DE1982812F93C003CEE5D = {
						CreatedOnToolsVersion = 12.2;
					};
				};
			};
			buildConfigurationList = 1E7DE1942812F93C003CEE5D /* Build configuration list for PBXProject "twitterClone" */;
			compatibilityVersion = "Xcode 9.3";
			developmentRegion = en;
			hasScannedForEncodings = 0;
			knownRegions = (
				en,
				Base,
			);
			mainGroup = 1E7DE1902812F93C003CEE5D;
			productRefGroup = 1E7DE19A2812F93C003CEE5D /* Products */;
			projectDirPath = "";
			projectRoot = "";
			targets = (
				1E7DE1982812F93C003CEE5D /* twitterClone */,
			);
		};
/* End PBXProject section */

/* Begin PBXResourcesBuildPhase section */
		1E7DE1972812F93C003CEE5D /* Resources */ = {
			isa = PBXResourcesBuildPhase;
			buildActionMask = 2147483647;
			files = (
				1E6DD0352816E93400673F76 /* TweetTableViewCell.xib in Resources */,
				1E7DE1A92812F940003CEE5D /* LaunchScreen.storyboard in Resources */,
				1E7DE1B22812FA23003CEE5D /* GoogleService-Info.plist in Resources */,
				1E7DE1A62812F940003CEE5D /* Assets.xcassets in Resources */,
				1E7DE1A42812F93C003CEE5D /* Main.storyboard in Resources */,
			);
			runOnlyForDeploymentPostprocessing = 0;
		};
/* End PBXResourcesBuildPhase section */

/* Begin PBXShellScriptBuildPhase section */
		00ECADBCC9A7FFE4BE7D851E /* [CP] Check Pods Manifest.lock */ = {
			isa = PBXShellScriptBuildPhase;
			buildActionMask = 2147483647;
			files = (
			);
			inputFileListPaths = (
			);
			inputPaths = (
				"${PODS_PODFILE_DIR_PATH}/Podfile.lock",
				"${PODS_ROOT}/Manifest.lock",
			);
			name = "[CP] Check Pods Manifest.lock";
			outputFileListPaths = (
			);
			outputPaths = (
				"$(DERIVED_FILE_DIR)/Pods-twitterClone-checkManifestLockResult.txt",
			);
			runOnlyForDeploymentPostprocessing = 0;
			shellPath = /bin/sh;
			shellScript = "diff \"${PODS_PODFILE_DIR_PATH}/Podfile.lock\" \"${PODS_ROOT}/Manifest.lock\" > /dev/null\nif [ $? != 0 ] ; then\n    # print error to STDERR\n    echo \"error: The sandbox is not in sync with the Podfile.lock. Run 'pod install' or update your CocoaPods installation.\" >&2\n    exit 1\nfi\n# This output is used by Xcode 'outputs' to avoid re-running this script phase.\necho \"SUCCESS\" > \"${SCRIPT_OUTPUT_FILE_0}\"\n";
			showEnvVarsInLog = 0;
		};
		48CCC1A90FD40C42D50AC0AA /* [CP] Embed Pods Frameworks */ = {
			isa = PBXShellScriptBuildPhase;
			buildActionMask = 2147483647;
			files = (
			);
			inputFileListPaths = (
				"${PODS_ROOT}/Target Support Files/Pods-twitterClone/Pods-twitterClone-frameworks-${CONFIGURATION}-input-files.xcfilelist",
			);
			name = "[CP] Embed Pods Frameworks";
			outputFileListPaths = (
				"${PODS_ROOT}/Target Support Files/Pods-twitterClone/Pods-twitterClone-frameworks-${CONFIGURATION}-output-files.xcfilelist",
			);
			runOnlyForDeploymentPostprocessing = 0;
			shellPath = /bin/sh;
			shellScript = "\"${PODS_ROOT}/Target Support Files/Pods-twitterClone/Pods-twitterClone-frameworks.sh\"\n";
			showEnvVarsInLog = 0;
		};
/* End PBXShellScriptBuildPhase section */

/* Begin PBXSourcesBuildPhase section */
		1E7DE1952812F93C003CEE5D /* Sources */ = {
			isa = PBXSourcesBuildPhase;
			buildActionMask = 2147483647;
			files = (
				1E7DE1C62813058A003CEE5D /* LoginViewController.swift in Sources */,
				1ECBFC6A28143C6300ABE9D6 /* Presenter.swift in Sources */,
				1E6E5066281AE6180054FEA8 /* MessagesTableViewCell.swift in Sources */,
				1E694318281847DC00894579 /* CreateATweetViewController.swift in Sources */,
				1E7DE1A12812F93C003CEE5D /* ViewController.swift in Sources */,
				1ECBFC7028143F2000ABE9D6 /* SearchViewController.swift in Sources */,
				1ECBFC6D28143CAC00ABE9D6 /* HomeViewController.swift in Sources */,
				1ECBFC7328143F2C00ABE9D6 /* NotificationsViewController.swift in Sources */,
				1ECBFC792814415500ABE9D6 /* RootSideMenuTVC.swift in Sources */,
				1E6E504C281ADC3D0054FEA8 /* Tweets.swift in Sources */,
				1E6DD0342816E93400673F76 /* TweetTableViewCell.swift in Sources */,
				1E7DE19D2812F93C003CEE5D /* AppDelegate.swift in Sources */,
				1E7DE19F2812F93C003CEE5D /* SceneDelegate.swift in Sources */,
				1ECBFC7528143F3900ABE9D6 /* MessagesViewController.swift in Sources */,
				1E6E5063281AE3C00054FEA8 /* Message.swift in Sources */,
				1E7DE1C928130596003CEE5D /* SignUpViewController.swift in Sources */,
				1ECBFC842814511000ABE9D6 /* SettingsViewController.swift in Sources */,
			);
			runOnlyForDeploymentPostprocessing = 0;
		};
/* End PBXSourcesBuildPhase section */

/* Begin PBXVariantGroup section */
		1E7DE1A22812F93C003CEE5D /* Main.storyboard */ = {
			isa = PBXVariantGroup;
			children = (
				1E7DE1A32812F93C003CEE5D /* Base */,
			);
			name = Main.storyboard;
			sourceTree = "<group>";
		};
		1E7DE1A72812F940003CEE5D /* LaunchScreen.storyboard */ = {
			isa = PBXVariantGroup;
			children = (
				1E7DE1A82812F940003CEE5D /* Base */,
			);
			name = LaunchScreen.storyboard;
			sourceTree = "<group>";
		};
/* End PBXVariantGroup section */

/* Begin XCBuildConfiguration section */
		1E7DE1AB2812F940003CEE5D /* Debug */ = {
			isa = XCBuildConfiguration;
			buildSettings = {
				ALWAYS_SEARCH_USER_PATHS = NO;
				CLANG_ANALYZER_NONNULL = YES;
				CLANG_ANALYZER_NUMBER_OBJECT_CONVERSION = YES_AGGRESSIVE;
				CLANG_CXX_LANGUAGE_STANDARD = "gnu++14";
				CLANG_CXX_LIBRARY = "libc++";
				CLANG_ENABLE_MODULES = YES;
				CLANG_ENABLE_OBJC_ARC = YES;
				CLANG_ENABLE_OBJC_WEAK = YES;
				CLANG_WARN_BLOCK_CAPTURE_AUTORELEASING = YES;
				CLANG_WARN_BOOL_CONVERSION = YES;
				CLANG_WARN_COMMA = YES;
				CLANG_WARN_CONSTANT_CONVERSION = YES;
				CLANG_WARN_DEPRECATED_OBJC_IMPLEMENTATIONS = YES;
				CLANG_WARN_DIRECT_OBJC_ISA_USAGE = YES_ERROR;
				CLANG_WARN_DOCUMENTATION_COMMENTS = YES;
				CLANG_WARN_EMPTY_BODY = YES;
				CLANG_WARN_ENUM_CONVERSION = YES;
				CLANG_WARN_INFINITE_RECURSION = YES;
				CLANG_WARN_INT_CONVERSION = YES;
				CLANG_WARN_NON_LITERAL_NULL_CONVERSION = YES;
				CLANG_WARN_OBJC_IMPLICIT_RETAIN_SELF = YES;
				CLANG_WARN_OBJC_LITERAL_CONVERSION = YES;
				CLANG_WARN_OBJC_ROOT_CLASS = YES_ERROR;
				CLANG_WARN_QUOTED_INCLUDE_IN_FRAMEWORK_HEADER = YES;
				CLANG_WARN_RANGE_LOOP_ANALYSIS = YES;
				CLANG_WARN_STRICT_PROTOTYPES = YES;
				CLANG_WARN_SUSPICIOUS_MOVE = YES;
				CLANG_WARN_UNGUARDED_AVAILABILITY = YES_AGGRESSIVE;
				CLANG_WARN_UNREACHABLE_CODE = YES;
				CLANG_WARN__DUPLICATE_METHOD_MATCH = YES;
				COPY_PHASE_STRIP = NO;
				DEBUG_INFORMATION_FORMAT = dwarf;
				ENABLE_STRICT_OBJC_MSGSEND = YES;
				ENABLE_TESTABILITY = YES;
				GCC_C_LANGUAGE_STANDARD = gnu11;
				GCC_DYNAMIC_NO_PIC = NO;
				GCC_NO_COMMON_BLOCKS = YES;
				GCC_OPTIMIZATION_LEVEL = 0;
				GCC_PREPROCESSOR_DEFINITIONS = (
					"DEBUG=1",
					"$(inherited)",
				);
				GCC_WARN_64_TO_32_BIT_CONVERSION = YES;
				GCC_WARN_ABOUT_RETURN_TYPE = YES_ERROR;
				GCC_WARN_UNDECLARED_SELECTOR = YES;
				GCC_WARN_UNINITIALIZED_AUTOS = YES_AGGRESSIVE;
				GCC_WARN_UNUSED_FUNCTION = YES;
				GCC_WARN_UNUSED_VARIABLE = YES;
				IPHONEOS_DEPLOYMENT_TARGET = 14.2;
				MTL_ENABLE_DEBUG_INFO = INCLUDE_SOURCE;
				MTL_FAST_MATH = YES;
				ONLY_ACTIVE_ARCH = YES;
				SDKROOT = iphoneos;
				SWIFT_ACTIVE_COMPILATION_CONDITIONS = DEBUG;
				SWIFT_OPTIMIZATION_LEVEL = "-Onone";
			};
			name = Debug;
		};
		1E7DE1AC2812F940003CEE5D /* Release */ = {
			isa = XCBuildConfiguration;
			buildSettings = {
				ALWAYS_SEARCH_USER_PATHS = NO;
				CLANG_ANALYZER_NONNULL = YES;
				CLANG_ANALYZER_NUMBER_OBJECT_CONVERSION = YES_AGGRESSIVE;
				CLANG_CXX_LANGUAGE_STANDARD = "gnu++14";
				CLANG_CXX_LIBRARY = "libc++";
				CLANG_ENABLE_MODULES = YES;
				CLANG_ENABLE_OBJC_ARC = YES;
				CLANG_ENABLE_OBJC_WEAK = YES;
				CLANG_WARN_BLOCK_CAPTURE_AUTORELEASING = YES;
				CLANG_WARN_BOOL_CONVERSION = YES;
				CLANG_WARN_COMMA = YES;
				CLANG_WARN_CONSTANT_CONVERSION = YES;
				CLANG_WARN_DEPRECATED_OBJC_IMPLEMENTATIONS = YES;
				CLANG_WARN_DIRECT_OBJC_ISA_USAGE = YES_ERROR;
				CLANG_WARN_DOCUMENTATION_COMMENTS = YES;
				CLANG_WARN_EMPTY_BODY = YES;
				CLANG_WARN_ENUM_CONVERSION = YES;
				CLANG_WARN_INFINITE_RECURSION = YES;
				CLANG_WARN_INT_CONVERSION = YES;
				CLANG_WARN_NON_LITERAL_NULL_CONVERSION = YES;
				CLANG_WARN_OBJC_IMPLICIT_RETAIN_SELF = YES;
				CLANG_WARN_OBJC_LITERAL_CONVERSION = YES;
				CLANG_WARN_OBJC_ROOT_CLASS = YES_ERROR;
				CLANG_WARN_QUOTED_INCLUDE_IN_FRAMEWORK_HEADER = YES;
				CLANG_WARN_RANGE_LOOP_ANALYSIS = YES;
				CLANG_WARN_STRICT_PROTOTYPES = YES;
				CLANG_WARN_SUSPICIOUS_MOVE = YES;
				CLANG_WARN_UNGUARDED_AVAILABILITY = YES_AGGRESSIVE;
				CLANG_WARN_UNREACHABLE_CODE = YES;
				CLANG_WARN__DUPLICATE_METHOD_MATCH = YES;
				COPY_PHASE_STRIP = NO;
				DEBUG_INFORMATION_FORMAT = "dwarf-with-dsym";
				ENABLE_NS_ASSERTIONS = NO;
				ENABLE_STRICT_OBJC_MSGSEND = YES;
				GCC_C_LANGUAGE_STANDARD = gnu11;
				GCC_NO_COMMON_BLOCKS = YES;
				GCC_WARN_64_TO_32_BIT_CONVERSION = YES;
				GCC_WARN_ABOUT_RETURN_TYPE = YES_ERROR;
				GCC_WARN_UNDECLARED_SELECTOR = YES;
				GCC_WARN_UNINITIALIZED_AUTOS = YES_AGGRESSIVE;
				GCC_WARN_UNUSED_FUNCTION = YES;
				GCC_WARN_UNUSED_VARIABLE = YES;
				IPHONEOS_DEPLOYMENT_TARGET = 14.2;
				MTL_ENABLE_DEBUG_INFO = NO;
				MTL_FAST_MATH = YES;
				SDKROOT = iphoneos;
				SWIFT_COMPILATION_MODE = wholemodule;
				SWIFT_OPTIMIZATION_LEVEL = "-O";
				VALIDATE_PRODUCT = YES;
			};
			name = Release;
		};
		1E7DE1AE2812F940003CEE5D /* Debug */ = {
			isa = XCBuildConfiguration;
			baseConfigurationReference = 7DDF472B9AFA5ECAEF64CBD0 /* Pods-twitterClone.debug.xcconfig */;
			buildSettings = {
				ASSETCATALOG_COMPILER_APPICON_NAME = AppIcon;
				ASSETCATALOG_COMPILER_GLOBAL_ACCENT_COLOR_NAME = AccentColor;
				CODE_SIGN_STYLE = Automatic;
				DEVELOPMENT_TEAM = 5N79QDCTNF;
				INFOPLIST_FILE = twitterClone/Info.plist;
				LD_RUNPATH_SEARCH_PATHS = (
					"$(inherited)",
					"@executable_path/Frameworks",
				);
				PRODUCT_BUNDLE_IDENTIFIER = comHashim.twitterClone;
				PRODUCT_NAME = "$(TARGET_NAME)";
				SWIFT_VERSION = 5.0;
				TARGETED_DEVICE_FAMILY = "1,2";
			};
			name = Debug;
		};
		1E7DE1AF2812F940003CEE5D /* Release */ = {
			isa = XCBuildConfiguration;
			baseConfigurationReference = A6B9218C6B47FBD61755424B /* Pods-twitterClone.release.xcconfig */;
			buildSettings = {
				ASSETCATALOG_COMPILER_APPICON_NAME = AppIcon;
				ASSETCATALOG_COMPILER_GLOBAL_ACCENT_COLOR_NAME = AccentColor;
				CODE_SIGN_STYLE = Automatic;
				DEVELOPMENT_TEAM = 5N79QDCTNF;
				INFOPLIST_FILE = twitterClone/Info.plist;
				LD_RUNPATH_SEARCH_PATHS = (
					"$(inherited)",
					"@executable_path/Frameworks",
				);
				PRODUCT_BUNDLE_IDENTIFIER = comHashim.twitterClone;
				PRODUCT_NAME = "$(TARGET_NAME)";
				SWIFT_VERSION = 5.0;
				TARGETED_DEVICE_FAMILY = "1,2";
			};
			name = Release;
		};
/* End XCBuildConfiguration section */

/* Begin XCConfigurationList section */
		1E7DE1942812F93C003CEE5D /* Build configuration list for PBXProject "twitterClone" */ = {
			isa = XCConfigurationList;
			buildConfigurations = (
				1E7DE1AB2812F940003CEE5D /* Debug */,
				1E7DE1AC2812F940003CEE5D /* Release */,
			);
			defaultConfigurationIsVisible = 0;
			defaultConfigurationName = Release;
		};
		1E7DE1AD2812F940003CEE5D /* Build configuration list for PBXNativeTarget "twitterClone" */ = {
			isa = XCConfigurationList;
			buildConfigurations = (
				1E7DE1AE2812F940003CEE5D /* Debug */,
				1E7DE1AF2812F940003CEE5D /* Release */,
			);
			defaultConfigurationIsVisible = 0;
			defaultConfigurationName = Release;
		};
/* End XCConfigurationList section */
	};
	rootObject = 1E7DE1912812F93C003CEE5D /* Project object */;
}
