// !$*UTF8*$!
{
	archiveVersion = 1;
	classes = {
	};
	objectVersion = 51;
	objects = {

/* Begin PBXBuildFile section */
		1E0BF629283BB5DF00A4B706 /* newTweet+PickerController.swift in Sources */ = {isa = PBXBuildFile; fileRef = 1E0BF628283BB5DF00A4B706 /* newTweet+PickerController.swift */; };
		1E0C2EBA282464E100A2AE10 /* LoginPresenter.swift in Sources */ = {isa = PBXBuildFile; fileRef = 1E0C2EB9282464E100A2AE10 /* LoginPresenter.swift */; };
		1E16028F284D00B40060E0C3 /* SearchVC+TableView.swift in Sources */ = {isa = PBXBuildFile; fileRef = 1E16028E284D00B40060E0C3 /* SearchVC+TableView.swift */; };
		1E160292284D01CD0060E0C3 /* SearchVC+TextField.swift in Sources */ = {isa = PBXBuildFile; fileRef = 1E160291284D01CD0060E0C3 /* SearchVC+TextField.swift */; };
		1E24D06E283932A7005DFF28 /* timesAgo.swift in Sources */ = {isa = PBXBuildFile; fileRef = 1E24D06D283932A7005DFF28 /* timesAgo.swift */; };
		1E259C72282D66A20082033A /* EditProfileViewController.swift in Sources */ = {isa = PBXBuildFile; fileRef = 1E259C71282D66A20082033A /* EditProfileViewController.swift */; };
		1E259C76282D66B80082033A /* EditProfile.storyboard in Resources */ = {isa = PBXBuildFile; fileRef = 1E259C75282D66B80082033A /* EditProfile.storyboard */; };
		1E259C7A282D67420082033A /* EditProfilePresenter.swift in Sources */ = {isa = PBXBuildFile; fileRef = 1E259C79282D67420082033A /* EditProfilePresenter.swift */; };
		1E259C81282D88580082033A /* Messages.swift in Sources */ = {isa = PBXBuildFile; fileRef = 1E259C80282D88580082033A /* Messages.swift */; };
		1E259C84282D88E60082033A /* ChatMessages.storyboard in Resources */ = {isa = PBXBuildFile; fileRef = 1E259C83282D88E60082033A /* ChatMessages.storyboard */; };
		1E259C87282D89980082033A /* ChatMessageViewController.swift in Sources */ = {isa = PBXBuildFile; fileRef = 1E259C86282D89980082033A /* ChatMessageViewController.swift */; };
		1E259C8A282D89B70082033A /* ChatMessagesPresenter.swift in Sources */ = {isa = PBXBuildFile; fileRef = 1E259C89282D89B70082033A /* ChatMessagesPresenter.swift */; };
		1E259C8E282D951D0082033A /* ChatMessages+TableView.swift in Sources */ = {isa = PBXBuildFile; fileRef = 1E259C8D282D951D0082033A /* ChatMessages+TableView.swift */; };
		1E259C92282D96490082033A /* MessagePopTableViewCell.swift in Sources */ = {isa = PBXBuildFile; fileRef = 1E259C90282D96490082033A /* MessagePopTableViewCell.swift */; };
		1E259C93282D96490082033A /* MessagePopTableViewCell.xib in Resources */ = {isa = PBXBuildFile; fileRef = 1E259C91282D96490082033A /* MessagePopTableViewCell.xib */; };
		1E259C96282DA86E0082033A /* ProfileVC+TableView.swift in Sources */ = {isa = PBXBuildFile; fileRef = 1E259C95282DA86E0082033A /* ProfileVC+TableView.swift */; };
		1E259C9A282DA8E90082033A /* RootSideMenuPresenter.swift in Sources */ = {isa = PBXBuildFile; fileRef = 1E259C99282DA8E90082033A /* RootSideMenuPresenter.swift */; };
		1E26D8C32825AE9900BDC7B5 /* SignUpPresenter.swift in Sources */ = {isa = PBXBuildFile; fileRef = 1E26D8C22825AE9900BDC7B5 /* SignUpPresenter.swift */; };
		1E2F04612851240500ED3FAF /* ProfileBySearch+TableView.swift in Sources */ = {isa = PBXBuildFile; fileRef = 1E2F04602851240500ED3FAF /* ProfileBySearch+TableView.swift */; };
		1E31F9EA282201D300FB18D6 /* HomePresenter.swift in Sources */ = {isa = PBXBuildFile; fileRef = 1E31F9E9282201D300FB18D6 /* HomePresenter.swift */; };
		1E31F9F1282202C700FB18D6 /* NewTweetPresenter.swift in Sources */ = {isa = PBXBuildFile; fileRef = 1E31F9F0282202C700FB18D6 /* NewTweetPresenter.swift */; };
		1E31F9F92822046C00FB18D6 /* SearchPresenter.swift in Sources */ = {isa = PBXBuildFile; fileRef = 1E31F9F82822046C00FB18D6 /* SearchPresenter.swift */; };
		1E31FA012822065B00FB18D6 /* NotificationPresenter.swift in Sources */ = {isa = PBXBuildFile; fileRef = 1E31FA002822065B00FB18D6 /* NotificationPresenter.swift */; };
		1E31FA10282207C500FB18D6 /* SettingsPresenter.swift in Sources */ = {isa = PBXBuildFile; fileRef = 1E31FA0F282207C500FB18D6 /* SettingsPresenter.swift */; };
		1E3CC3E3284B798A00A33755 /* UsersProfileViewController.swift in Sources */ = {isa = PBXBuildFile; fileRef = 1E3CC3E2284B798A00A33755 /* UsersProfileViewController.swift */; };
		1E3CC3E7284B79B200A33755 /* UsersProfile.storyboard in Resources */ = {isa = PBXBuildFile; fileRef = 1E3CC3E6284B79B200A33755 /* UsersProfile.storyboard */; };
		1E3CC3EA284B7A4D00A33755 /* UsersProfilePresenter.swift in Sources */ = {isa = PBXBuildFile; fileRef = 1E3CC3E9284B7A4D00A33755 /* UsersProfilePresenter.swift */; };
		1E3CC3EE284B956600A33755 /* UsersProfileVC+TableView.swift in Sources */ = {isa = PBXBuildFile; fileRef = 1E3CC3ED284B956600A33755 /* UsersProfileVC+TableView.swift */; };
		1E3FB45228269FBF007343D9 /* Constants.swift in Sources */ = {isa = PBXBuildFile; fileRef = 1E3FB45128269FBF007343D9 /* Constants.swift */; };
		1E3FB4862826A375007343D9 /* SignUpView+TextViewDelegate.swift in Sources */ = {isa = PBXBuildFile; fileRef = 1E3FB4852826A375007343D9 /* SignUpView+TextViewDelegate.swift */; };
		1E3FB48B2826A4EE007343D9 /* LoginVC+TextFieldDelegate.swift in Sources */ = {isa = PBXBuildFile; fileRef = 1E3FB48A2826A4EE007343D9 /* LoginVC+TextFieldDelegate.swift */; };
		1E694318281847DC00894579 /* CreateATweetViewController.swift in Sources */ = {isa = PBXBuildFile; fileRef = 1E694317281847DC00894579 /* CreateATweetViewController.swift */; };
		1E6DD0342816E93400673F76 /* TweetTableViewCell.swift in Sources */ = {isa = PBXBuildFile; fileRef = 1E6DD0322816E93400673F76 /* TweetTableViewCell.swift */; };
		1E6DD0352816E93400673F76 /* TweetTableViewCell.xib in Resources */ = {isa = PBXBuildFile; fileRef = 1E6DD0332816E93400673F76 /* TweetTableViewCell.xib */; };
		1E6E504C281ADC3D0054FEA8 /* Tweets.swift in Sources */ = {isa = PBXBuildFile; fileRef = 1E6E504B281ADC3D0054FEA8 /* Tweets.swift */; };
		1E6E5063281AE3C00054FEA8 /* Message.swift in Sources */ = {isa = PBXBuildFile; fileRef = 1E6E5062281AE3C00054FEA8 /* Message.swift */; };
		1E6E5066281AE6180054FEA8 /* MessagesTableViewCell.swift in Sources */ = {isa = PBXBuildFile; fileRef = 1E6E5065281AE6180054FEA8 /* MessagesTableViewCell.swift */; };
		1E7DE19D2812F93C003CEE5D /* AppDelegate.swift in Sources */ = {isa = PBXBuildFile; fileRef = 1E7DE19C2812F93C003CEE5D /* AppDelegate.swift */; };
		1E7DE19F2812F93C003CEE5D /* SceneDelegate.swift in Sources */ = {isa = PBXBuildFile; fileRef = 1E7DE19E2812F93C003CEE5D /* SceneDelegate.swift */; };
		1E7DE1A12812F93C003CEE5D /* ViewController.swift in Sources */ = {isa = PBXBuildFile; fileRef = 1E7DE1A02812F93C003CEE5D /* ViewController.swift */; };
		1E7DE1A42812F93C003CEE5D /* Main.storyboard in Resources */ = {isa = PBXBuildFile; fileRef = 1E7DE1A22812F93C003CEE5D /* Main.storyboard */; };
		1E7DE1A62812F940003CEE5D /* Assets.xcassets in Resources */ = {isa = PBXBuildFile; fileRef = 1E7DE1A52812F940003CEE5D /* Assets.xcassets */; };
		1E7DE1A92812F940003CEE5D /* LaunchScreen.storyboard in Resources */ = {isa = PBXBuildFile; fileRef = 1E7DE1A72812F940003CEE5D /* LaunchScreen.storyboard */; };
		1E7DE1B22812FA23003CEE5D /* GoogleService-Info.plist in Resources */ = {isa = PBXBuildFile; fileRef = 1E7DE1B12812FA23003CEE5D /* GoogleService-Info.plist */; };
		1E7DE1C62813058A003CEE5D /* LoginViewController.swift in Sources */ = {isa = PBXBuildFile; fileRef = 1E7DE1C52813058A003CEE5D /* LoginViewController.swift */; };
		1E7DE1C928130596003CEE5D /* SignUpViewController.swift in Sources */ = {isa = PBXBuildFile; fileRef = 1E7DE1C828130596003CEE5D /* SignUpViewController.swift */; };
		1E9E4BD9284FFF4E001B2C08 /* ProfileFromSearchVC.swift in Sources */ = {isa = PBXBuildFile; fileRef = 1E9E4BD8284FFF4E001B2C08 /* ProfileFromSearchVC.swift */; };
		1E9E4BDD284FFF60001B2C08 /* ProfileFromSearch.storyboard in Resources */ = {isa = PBXBuildFile; fileRef = 1E9E4BDC284FFF60001B2C08 /* ProfileFromSearch.storyboard */; };
		1E9E4BE12850026D001B2C08 /* SearchTableViewCell.swift in Sources */ = {isa = PBXBuildFile; fileRef = 1E9E4BDF2850026D001B2C08 /* SearchTableViewCell.swift */; };
		1E9E4BE22850026D001B2C08 /* SearchTableViewCell.xib in Resources */ = {isa = PBXBuildFile; fileRef = 1E9E4BE02850026D001B2C08 /* SearchTableViewCell.xib */; };
		1EB2F97928522A2400AA1BF4 /* TweetsProfileTableViewCell.swift in Sources */ = {isa = PBXBuildFile; fileRef = 1EB2F97728522A2400AA1BF4 /* TweetsProfileTableViewCell.swift */; };
		1EB2F97A28522A2400AA1BF4 /* TweetsProfileTableViewCell.xib in Resources */ = {isa = PBXBuildFile; fileRef = 1EB2F97828522A2400AA1BF4 /* TweetsProfileTableViewCell.xib */; };
		1ECBFC6D28143CAC00ABE9D6 /* HomeViewController.swift in Sources */ = {isa = PBXBuildFile; fileRef = 1ECBFC6C28143CAC00ABE9D6 /* HomeViewController.swift */; };
		1ECBFC7028143F2000ABE9D6 /* SearchViewController.swift in Sources */ = {isa = PBXBuildFile; fileRef = 1ECBFC6F28143F2000ABE9D6 /* SearchViewController.swift */; };
		1ECBFC7328143F2C00ABE9D6 /* NotificationsViewController.swift in Sources */ = {isa = PBXBuildFile; fileRef = 1ECBFC7228143F2C00ABE9D6 /* NotificationsViewController.swift */; };
		1ECBFC7528143F3900ABE9D6 /* MessagesViewController.swift in Sources */ = {isa = PBXBuildFile; fileRef = 1ECBFC7428143F3900ABE9D6 /* MessagesViewController.swift */; };
		1ECBFC792814415500ABE9D6 /* RootSideMenuTVC.swift in Sources */ = {isa = PBXBuildFile; fileRef = 1ECBFC782814415500ABE9D6 /* RootSideMenuTVC.swift */; };
		1ECBFC842814511000ABE9D6 /* SettingsViewController.swift in Sources */ = {isa = PBXBuildFile; fileRef = 1ECBFC832814511000ABE9D6 /* SettingsViewController.swift */; };
		1ECC412128305CB2008B8AA6 /* TweetDetailsPresenter.swift in Sources */ = {isa = PBXBuildFile; fileRef = 1ECC412028305CB2008B8AA6 /* TweetDetailsPresenter.swift */; };
		1ECC412428305D71008B8AA6 /* TweetDetailsViewController.swift in Sources */ = {isa = PBXBuildFile; fileRef = 1ECC412328305D71008B8AA6 /* TweetDetailsViewController.swift */; };
		1ECC412728306413008B8AA6 /* TweetDetails.storyboard in Resources */ = {isa = PBXBuildFile; fileRef = 1ECC412628306413008B8AA6 /* TweetDetails.storyboard */; };
		1ED6F5812848FBB800FDEE0C /* editProfile+Picker.swift in Sources */ = {isa = PBXBuildFile; fileRef = 1ED6F5802848FBB800FDEE0C /* editProfile+Picker.swift */; };
		1EDEED0C28361FF700D1ADCD /* TweetDetailsVC+TableView.swift in Sources */ = {isa = PBXBuildFile; fileRef = 1EDEED0B28361FF700D1ADCD /* TweetDetailsVC+TableView.swift */; };
		1EDEED102836207300D1ADCD /* TweetDetailsTableViewCell.swift in Sources */ = {isa = PBXBuildFile; fileRef = 1EDEED0E2836207300D1ADCD /* TweetDetailsTableViewCell.swift */; };
		1EDEED112836207300D1ADCD /* TweetDetailsTableViewCell.xib in Resources */ = {isa = PBXBuildFile; fileRef = 1EDEED0F2836207300D1ADCD /* TweetDetailsTableViewCell.xib */; };
		1EE3777F28548E87009D5363 /* UsersProfileTableViewCell.swift in Sources */ = {isa = PBXBuildFile; fileRef = 1EE3777D28548E87009D5363 /* UsersProfileTableViewCell.swift */; };
		1EE3778028548E87009D5363 /* UsersProfileTableViewCell.xib in Resources */ = {isa = PBXBuildFile; fileRef = 1EE3777E28548E87009D5363 /* UsersProfileTableViewCell.xib */; };
		1EE4950E282C71DE00CB9C45 /* Settings.storyboard in Resources */ = {isa = PBXBuildFile; fileRef = 1EE4950D282C71DE00CB9C45 /* Settings.storyboard */; };
		1EE49511282C73D500CB9C45 /* CreateATweet.storyboard in Resources */ = {isa = PBXBuildFile; fileRef = 1EE49510282C73D500CB9C45 /* CreateATweet.storyboard */; };
		1EE49518282C754500CB9C45 /* ProfileViewController.swift in Sources */ = {isa = PBXBuildFile; fileRef = 1EE49517282C754500CB9C45 /* ProfileViewController.swift */; };
		1EE4951B282C755100CB9C45 /* Profile.storyboard in Resources */ = {isa = PBXBuildFile; fileRef = 1EE4951A282C755100CB9C45 /* Profile.storyboard */; };
		1EE4951E282C75F200CB9C45 /* ProfilePresenter.swift in Sources */ = {isa = PBXBuildFile; fileRef = 1EE4951D282C75F200CB9C45 /* ProfilePresenter.swift */; };
		1EEC20DB283A7F6200141CF2 /* TweeterUsers.swift in Sources */ = {isa = PBXBuildFile; fileRef = 1EEC20DA283A7F6100141CF2 /* TweeterUsers.swift */; };
		1EFC73DC2827145A0069A510 /* HomeVC+TableView.swift in Sources */ = {isa = PBXBuildFile; fileRef = 1EFC73DB2827145A0069A510 /* HomeVC+TableView.swift */; };
		1EFC73E0282717C90069A510 /* NewTweet+TextViewDelegate.swift in Sources */ = {isa = PBXBuildFile; fileRef = 1EFC73DF282717C90069A510 /* NewTweet+TextViewDelegate.swift */; };
		1EFF1F9C28508E1600F18BBE /* ProfileBySearchPresenter.swift in Sources */ = {isa = PBXBuildFile; fileRef = 1EFF1F9B28508E1600F18BBE /* ProfileBySearchPresenter.swift */; };
		D5C3900FDBF936B2E9DB8CEF /* Pods_twitterClone.framework in Frameworks */ = {isa = PBXBuildFile; fileRef = C92F637FB769A3CFBC0A3836 /* Pods_twitterClone.framework */; };
/* End PBXBuildFile section */

/* Begin PBXFileReference section */
		1E0BF628283BB5DF00A4B706 /* newTweet+PickerController.swift */ = {isa = PBXFileReference; lastKnownFileType = sourcecode.swift; path = "newTweet+PickerController.swift"; sourceTree = "<group>"; };
		1E0C2EB9282464E100A2AE10 /* LoginPresenter.swift */ = {isa = PBXFileReference; lastKnownFileType = sourcecode.swift; path = LoginPresenter.swift; sourceTree = "<group>"; };
		1E16028E284D00B40060E0C3 /* SearchVC+TableView.swift */ = {isa = PBXFileReference; lastKnownFileType = sourcecode.swift; path = "SearchVC+TableView.swift"; sourceTree = "<group>"; };
		1E160291284D01CD0060E0C3 /* SearchVC+TextField.swift */ = {isa = PBXFileReference; lastKnownFileType = sourcecode.swift; path = "SearchVC+TextField.swift"; sourceTree = "<group>"; };
		1E24D06D283932A7005DFF28 /* timesAgo.swift */ = {isa = PBXFileReference; lastKnownFileType = sourcecode.swift; path = timesAgo.swift; sourceTree = "<group>"; };
		1E259C71282D66A20082033A /* EditProfileViewController.swift */ = {isa = PBXFileReference; lastKnownFileType = sourcecode.swift; path = EditProfileViewController.swift; sourceTree = "<group>"; };
		1E259C75282D66B80082033A /* EditProfile.storyboard */ = {isa = PBXFileReference; lastKnownFileType = file.storyboard; path = EditProfile.storyboard; sourceTree = "<group>"; };
		1E259C79282D67420082033A /* EditProfilePresenter.swift */ = {isa = PBXFileReference; lastKnownFileType = sourcecode.swift; path = EditProfilePresenter.swift; sourceTree = "<group>"; };
		1E259C80282D88580082033A /* Messages.swift */ = {isa = PBXFileReference; lastKnownFileType = sourcecode.swift; path = Messages.swift; sourceTree = "<group>"; };
		1E259C83282D88E60082033A /* ChatMessages.storyboard */ = {isa = PBXFileReference; lastKnownFileType = file.storyboard; path = ChatMessages.storyboard; sourceTree = "<group>"; };
		1E259C86282D89980082033A /* ChatMessageViewController.swift */ = {isa = PBXFileReference; lastKnownFileType = sourcecode.swift; path = ChatMessageViewController.swift; sourceTree = "<group>"; };
		1E259C89282D89B70082033A /* ChatMessagesPresenter.swift */ = {isa = PBXFileReference; lastKnownFileType = sourcecode.swift; path = ChatMessagesPresenter.swift; sourceTree = "<group>"; };
		1E259C8D282D951D0082033A /* ChatMessages+TableView.swift */ = {isa = PBXFileReference; lastKnownFileType = sourcecode.swift; path = "ChatMessages+TableView.swift"; sourceTree = "<group>"; };
		1E259C90282D96490082033A /* MessagePopTableViewCell.swift */ = {isa = PBXFileReference; lastKnownFileType = sourcecode.swift; path = MessagePopTableViewCell.swift; sourceTree = "<group>"; };
		1E259C91282D96490082033A /* MessagePopTableViewCell.xib */ = {isa = PBXFileReference; lastKnownFileType = file.xib; path = MessagePopTableViewCell.xib; sourceTree = "<group>"; };
		1E259C95282DA86E0082033A /* ProfileVC+TableView.swift */ = {isa = PBXFileReference; lastKnownFileType = sourcecode.swift; path = "ProfileVC+TableView.swift"; sourceTree = "<group>"; };
		1E259C99282DA8E90082033A /* RootSideMenuPresenter.swift */ = {isa = PBXFileReference; lastKnownFileType = sourcecode.swift; path = RootSideMenuPresenter.swift; sourceTree = "<group>"; };
		1E26D8C22825AE9900BDC7B5 /* SignUpPresenter.swift */ = {isa = PBXFileReference; lastKnownFileType = sourcecode.swift; path = SignUpPresenter.swift; sourceTree = "<group>"; };
		1E2F04602851240500ED3FAF /* ProfileBySearch+TableView.swift */ = {isa = PBXFileReference; lastKnownFileType = sourcecode.swift; path = "ProfileBySearch+TableView.swift"; sourceTree = "<group>"; };
		1E31F9E9282201D300FB18D6 /* HomePresenter.swift */ = {isa = PBXFileReference; lastKnownFileType = sourcecode.swift; path = HomePresenter.swift; sourceTree = "<group>"; };
		1E31F9F0282202C700FB18D6 /* NewTweetPresenter.swift */ = {isa = PBXFileReference; lastKnownFileType = sourcecode.swift; path = NewTweetPresenter.swift; sourceTree = "<group>"; };
		1E31F9F82822046C00FB18D6 /* SearchPresenter.swift */ = {isa = PBXFileReference; lastKnownFileType = sourcecode.swift; path = SearchPresenter.swift; sourceTree = "<group>"; };
		1E31FA002822065B00FB18D6 /* NotificationPresenter.swift */ = {isa = PBXFileReference; lastKnownFileType = sourcecode.swift; path = NotificationPresenter.swift; sourceTree = "<group>"; };
		1E31FA0F282207C500FB18D6 /* SettingsPresenter.swift */ = {isa = PBXFileReference; lastKnownFileType = sourcecode.swift; path = SettingsPresenter.swift; sourceTree = "<group>"; };
		1E3CC3E2284B798A00A33755 /* UsersProfileViewController.swift */ = {isa = PBXFileReference; lastKnownFileType = sourcecode.swift; path = UsersProfileViewController.swift; sourceTree = "<group>"; };
		1E3CC3E6284B79B200A33755 /* UsersProfile.storyboard */ = {isa = PBXFileReference; lastKnownFileType = file.storyboard; path = UsersProfile.storyboard; sourceTree = "<group>"; };
		1E3CC3E9284B7A4D00A33755 /* UsersProfilePresenter.swift */ = {isa = PBXFileReference; lastKnownFileType = sourcecode.swift; path = UsersProfilePresenter.swift; sourceTree = "<group>"; };
		1E3CC3ED284B956600A33755 /* UsersProfileVC+TableView.swift */ = {isa = PBXFileReference; lastKnownFileType = sourcecode.swift; path = "UsersProfileVC+TableView.swift"; sourceTree = "<group>"; };
		1E3FB45128269FBF007343D9 /* Constants.swift */ = {isa = PBXFileReference; lastKnownFileType = sourcecode.swift; path = Constants.swift; sourceTree = "<group>"; };
		1E3FB4852826A375007343D9 /* SignUpView+TextViewDelegate.swift */ = {isa = PBXFileReference; lastKnownFileType = sourcecode.swift; path = "SignUpView+TextViewDelegate.swift"; sourceTree = "<group>"; };
		1E3FB48A2826A4EE007343D9 /* LoginVC+TextFieldDelegate.swift */ = {isa = PBXFileReference; lastKnownFileType = sourcecode.swift; path = "LoginVC+TextFieldDelegate.swift"; sourceTree = "<group>"; };
		1E694317281847DC00894579 /* CreateATweetViewController.swift */ = {isa = PBXFileReference; lastKnownFileType = sourcecode.swift; path = CreateATweetViewController.swift; sourceTree = "<group>"; };
		1E6DD0322816E93400673F76 /* TweetTableViewCell.swift */ = {isa = PBXFileReference; lastKnownFileType = sourcecode.swift; path = TweetTableViewCell.swift; sourceTree = "<group>"; };
		1E6DD0332816E93400673F76 /* TweetTableViewCell.xib */ = {isa = PBXFileReference; lastKnownFileType = file.xib; path = TweetTableViewCell.xib; sourceTree = "<group>"; };
		1E6E504B281ADC3D0054FEA8 /* Tweets.swift */ = {isa = PBXFileReference; lastKnownFileType = sourcecode.swift; path = Tweets.swift; sourceTree = "<group>"; };
		1E6E5062281AE3C00054FEA8 /* Message.swift */ = {isa = PBXFileReference; lastKnownFileType = sourcecode.swift; path = Message.swift; sourceTree = "<group>"; };
		1E6E5065281AE6180054FEA8 /* MessagesTableViewCell.swift */ = {isa = PBXFileReference; lastKnownFileType = sourcecode.swift; path = MessagesTableViewCell.swift; sourceTree = "<group>"; };
		1E7DE1992812F93C003CEE5D /* twitterClone.app */ = {isa = PBXFileReference; explicitFileType = wrapper.application; includeInIndex = 0; path = twitterClone.app; sourceTree = BUILT_PRODUCTS_DIR; };
		1E7DE19C2812F93C003CEE5D /* AppDelegate.swift */ = {isa = PBXFileReference; lastKnownFileType = sourcecode.swift; path = AppDelegate.swift; sourceTree = "<group>"; };
		1E7DE19E2812F93C003CEE5D /* SceneDelegate.swift */ = {isa = PBXFileReference; lastKnownFileType = sourcecode.swift; path = SceneDelegate.swift; sourceTree = "<group>"; };
		1E7DE1A02812F93C003CEE5D /* ViewController.swift */ = {isa = PBXFileReference; lastKnownFileType = sourcecode.swift; path = ViewController.swift; sourceTree = "<group>"; };
		1E7DE1A32812F93C003CEE5D /* Base */ = {isa = PBXFileReference; lastKnownFileType = file.storyboard; name = Base; path = Base.lproj/Main.storyboard; sourceTree = "<group>"; };
		1E7DE1A52812F940003CEE5D /* Assets.xcassets */ = {isa = PBXFileReference; lastKnownFileType = folder.assetcatalog; path = Assets.xcassets; sourceTree = "<group>"; };
		1E7DE1A82812F940003CEE5D /* Base */ = {isa = PBXFileReference; lastKnownFileType = file.storyboard; name = Base; path = Base.lproj/LaunchScreen.storyboard; sourceTree = "<group>"; };
		1E7DE1AA2812F940003CEE5D /* Info.plist */ = {isa = PBXFileReference; lastKnownFileType = text.plist.xml; path = Info.plist; sourceTree = "<group>"; };
		1E7DE1B12812FA23003CEE5D /* GoogleService-Info.plist */ = {isa = PBXFileReference; fileEncoding = 4; lastKnownFileType = text.plist.xml; path = "GoogleService-Info.plist"; sourceTree = "<group>"; };
		1E7DE1C52813058A003CEE5D /* LoginViewController.swift */ = {isa = PBXFileReference; lastKnownFileType = sourcecode.swift; path = LoginViewController.swift; sourceTree = "<group>"; };
		1E7DE1C828130596003CEE5D /* SignUpViewController.swift */ = {isa = PBXFileReference; lastKnownFileType = sourcecode.swift; path = SignUpViewController.swift; sourceTree = "<group>"; };
		1E9E4BD8284FFF4E001B2C08 /* ProfileFromSearchVC.swift */ = {isa = PBXFileReference; lastKnownFileType = sourcecode.swift; path = ProfileFromSearchVC.swift; sourceTree = "<group>"; };
		1E9E4BDC284FFF60001B2C08 /* ProfileFromSearch.storyboard */ = {isa = PBXFileReference; lastKnownFileType = file.storyboard; path = ProfileFromSearch.storyboard; sourceTree = "<group>"; };
		1E9E4BDF2850026D001B2C08 /* SearchTableViewCell.swift */ = {isa = PBXFileReference; lastKnownFileType = sourcecode.swift; path = SearchTableViewCell.swift; sourceTree = "<group>"; };
		1E9E4BE02850026D001B2C08 /* SearchTableViewCell.xib */ = {isa = PBXFileReference; lastKnownFileType = file.xib; path = SearchTableViewCell.xib; sourceTree = "<group>"; };
		1EB2F97728522A2400AA1BF4 /* TweetsProfileTableViewCell.swift */ = {isa = PBXFileReference; lastKnownFileType = sourcecode.swift; path = TweetsProfileTableViewCell.swift; sourceTree = "<group>"; };
		1EB2F97828522A2400AA1BF4 /* TweetsProfileTableViewCell.xib */ = {isa = PBXFileReference; lastKnownFileType = file.xib; path = TweetsProfileTableViewCell.xib; sourceTree = "<group>"; };
		1ECBFC6C28143CAC00ABE9D6 /* HomeViewController.swift */ = {isa = PBXFileReference; lastKnownFileType = sourcecode.swift; path = HomeViewController.swift; sourceTree = "<group>"; };
		1ECBFC6F28143F2000ABE9D6 /* SearchViewController.swift */ = {isa = PBXFileReference; lastKnownFileType = sourcecode.swift; path = SearchViewController.swift; sourceTree = "<group>"; };
		1ECBFC7228143F2C00ABE9D6 /* NotificationsViewController.swift */ = {isa = PBXFileReference; lastKnownFileType = sourcecode.swift; path = NotificationsViewController.swift; sourceTree = "<group>"; };
		1ECBFC7428143F3900ABE9D6 /* MessagesViewController.swift */ = {isa = PBXFileReference; lastKnownFileType = sourcecode.swift; path = MessagesViewController.swift; sourceTree = "<group>"; };
		1ECBFC782814415500ABE9D6 /* RootSideMenuTVC.swift */ = {isa = PBXFileReference; lastKnownFileType = sourcecode.swift; path = RootSideMenuTVC.swift; sourceTree = "<group>"; };
		1ECBFC832814511000ABE9D6 /* SettingsViewController.swift */ = {isa = PBXFileReference; lastKnownFileType = sourcecode.swift; path = SettingsViewController.swift; sourceTree = "<group>"; };
		1ECC412028305CB2008B8AA6 /* TweetDetailsPresenter.swift */ = {isa = PBXFileReference; lastKnownFileType = sourcecode.swift; path = TweetDetailsPresenter.swift; sourceTree = "<group>"; };
		1ECC412328305D71008B8AA6 /* TweetDetailsViewController.swift */ = {isa = PBXFileReference; lastKnownFileType = sourcecode.swift; path = TweetDetailsViewController.swift; sourceTree = "<group>"; };
		1ECC412628306413008B8AA6 /* TweetDetails.storyboard */ = {isa = PBXFileReference; lastKnownFileType = file.storyboard; path = TweetDetails.storyboard; sourceTree = "<group>"; };
		1ED6F5802848FBB800FDEE0C /* editProfile+Picker.swift */ = {isa = PBXFileReference; lastKnownFileType = sourcecode.swift; path = "editProfile+Picker.swift"; sourceTree = "<group>"; };
		1EDEED0B28361FF700D1ADCD /* TweetDetailsVC+TableView.swift */ = {isa = PBXFileReference; lastKnownFileType = sourcecode.swift; path = "TweetDetailsVC+TableView.swift"; sourceTree = "<group>"; };
		1EDEED0E2836207300D1ADCD /* TweetDetailsTableViewCell.swift */ = {isa = PBXFileReference; lastKnownFileType = sourcecode.swift; path = TweetDetailsTableViewCell.swift; sourceTree = "<group>"; };
		1EDEED0F2836207300D1ADCD /* TweetDetailsTableViewCell.xib */ = {isa = PBXFileReference; lastKnownFileType = file.xib; path = TweetDetailsTableViewCell.xib; sourceTree = "<group>"; };
		1EE3777D28548E87009D5363 /* UsersProfileTableViewCell.swift */ = {isa = PBXFileReference; lastKnownFileType = sourcecode.swift; path = UsersProfileTableViewCell.swift; sourceTree = "<group>"; };
		1EE3777E28548E87009D5363 /* UsersProfileTableViewCell.xib */ = {isa = PBXFileReference; lastKnownFileType = file.xib; path = UsersProfileTableViewCell.xib; sourceTree = "<group>"; };
		1EE4950D282C71DE00CB9C45 /* Settings.storyboard */ = {isa = PBXFileReference; lastKnownFileType = file.storyboard; path = Settings.storyboard; sourceTree = "<group>"; };
		1EE49510282C73D500CB9C45 /* CreateATweet.storyboard */ = {isa = PBXFileReference; lastKnownFileType = file.storyboard; path = CreateATweet.storyboard; sourceTree = "<group>"; };
		1EE49517282C754500CB9C45 /* ProfileViewController.swift */ = {isa = PBXFileReference; lastKnownFileType = sourcecode.swift; path = ProfileViewController.swift; sourceTree = "<group>"; };
		1EE4951A282C755100CB9C45 /* Profile.storyboard */ = {isa = PBXFileReference; lastKnownFileType = file.storyboard; path = Profile.storyboard; sourceTree = "<group>"; };
		1EE4951D282C75F200CB9C45 /* ProfilePresenter.swift */ = {isa = PBXFileReference; lastKnownFileType = sourcecode.swift; path = ProfilePresenter.swift; sourceTree = "<group>"; };
		1EEC20DA283A7F6100141CF2 /* TweeterUsers.swift */ = {isa = PBXFileReference; lastKnownFileType = sourcecode.swift; path = TweeterUsers.swift; sourceTree = "<group>"; };
		1EFC73DB2827145A0069A510 /* HomeVC+TableView.swift */ = {isa = PBXFileReference; lastKnownFileType = sourcecode.swift; path = "HomeVC+TableView.swift"; sourceTree = "<group>"; };
		1EFC73DF282717C90069A510 /* NewTweet+TextViewDelegate.swift */ = {isa = PBXFileReference; lastKnownFileType = sourcecode.swift; path = "NewTweet+TextViewDelegate.swift"; sourceTree = "<group>"; };
		1EFF1F9B28508E1600F18BBE /* ProfileBySearchPresenter.swift */ = {isa = PBXFileReference; lastKnownFileType = sourcecode.swift; path = ProfileBySearchPresenter.swift; sourceTree = "<group>"; };
		7DDF472B9AFA5ECAEF64CBD0 /* Pods-twitterClone.debug.xcconfig */ = {isa = PBXFileReference; includeInIndex = 1; lastKnownFileType = text.xcconfig; name = "Pods-twitterClone.debug.xcconfig"; path = "Target Support Files/Pods-twitterClone/Pods-twitterClone.debug.xcconfig"; sourceTree = "<group>"; };
		A6B9218C6B47FBD61755424B /* Pods-twitterClone.release.xcconfig */ = {isa = PBXFileReference; includeInIndex = 1; lastKnownFileType = text.xcconfig; name = "Pods-twitterClone.release.xcconfig"; path = "Target Support Files/Pods-twitterClone/Pods-twitterClone.release.xcconfig"; sourceTree = "<group>"; };
		C92F637FB769A3CFBC0A3836 /* Pods_twitterClone.framework */ = {isa = PBXFileReference; explicitFileType = wrapper.framework; includeInIndex = 0; path = Pods_twitterClone.framework; sourceTree = BUILT_PRODUCTS_DIR; };
/* End PBXFileReference section */

/* Begin PBXFrameworksBuildPhase section */
		1E7DE1962812F93C003CEE5D /* Frameworks */ = {
			isa = PBXFrameworksBuildPhase;
			buildActionMask = 2147483647;
			files = (
				D5C3900FDBF936B2E9DB8CEF /* Pods_twitterClone.framework in Frameworks */,
			);
			runOnlyForDeploymentPostprocessing = 0;
		};
/* End PBXFrameworksBuildPhase section */

/* Begin PBXGroup section */
		1E0C2EE3282470F900A2AE10 /* Resources */ = {
			isa = PBXGroup;
			children = (
				1E7DE1A52812F940003CEE5D /* Assets.xcassets */,
				1E7DE1A72812F940003CEE5D /* LaunchScreen.storyboard */,
				1E3FB45128269FBF007343D9 /* Constants.swift */,
				1E24D06D283932A7005DFF28 /* timesAgo.swift */,
			);
			path = Resources;
			sourceTree = "<group>";
		};
		1E1568C02815AFD200D7C605 /* View */ = {
			isa = PBXGroup;
			children = (
				1E7DE1A02812F93C003CEE5D /* ViewController.swift */,
				1E7DE1C52813058A003CEE5D /* LoginViewController.swift */,
				1E3FB48A2826A4EE007343D9 /* LoginVC+TextFieldDelegate.swift */,
			);
			path = View;
			sourceTree = "<group>";
		};
		1E259C6D282D660A0082033A /* editProfile */ = {
			isa = PBXGroup;
			children = (
				1E259C70282D66330082033A /* Model */,
				1E259C6F282D66270082033A /* View */,
				1E259C6E282D66170082033A /* Presenter */,
			);
			path = editProfile;
			sourceTree = "<group>";
		};
		1E259C6E282D66170082033A /* Presenter */ = {
			isa = PBXGroup;
			children = (
				1E259C79282D67420082033A /* EditProfilePresenter.swift */,
			);
			path = Presenter;
			sourceTree = "<group>";
		};
		1E259C6F282D66270082033A /* View */ = {
			isa = PBXGroup;
			children = (
				1E259C71282D66A20082033A /* EditProfileViewController.swift */,
				1ED6F5802848FBB800FDEE0C /* editProfile+Picker.swift */,
				1E259C75282D66B80082033A /* EditProfile.storyboard */,
			);
			path = View;
			sourceTree = "<group>";
		};
		1E259C70282D66330082033A /* Model */ = {
			isa = PBXGroup;
			children = (
			);
			path = Model;
			sourceTree = "<group>";
		};
		1E259C7C282D882E0082033A /* ChatMessages */ = {
			isa = PBXGroup;
			children = (
				1E259C7F282D88460082033A /* Model */,
				1E259C7E282D88420082033A /* View */,
				1E259C7D282D883A0082033A /* Presenter */,
			);
			path = ChatMessages;
			sourceTree = "<group>";
		};
		1E259C7D282D883A0082033A /* Presenter */ = {
			isa = PBXGroup;
			children = (
				1E259C89282D89B70082033A /* ChatMessagesPresenter.swift */,
			);
			path = Presenter;
			sourceTree = "<group>";
		};
		1E259C7E282D88420082033A /* View */ = {
			isa = PBXGroup;
			children = (
				1E259C8C282D94DF0082033A /* TableView */,
				1E259C83282D88E60082033A /* ChatMessages.storyboard */,
				1E259C86282D89980082033A /* ChatMessageViewController.swift */,
			);
			path = View;
			sourceTree = "<group>";
		};
		1E259C7F282D88460082033A /* Model */ = {
			isa = PBXGroup;
			children = (
				1E259C80282D88580082033A /* Messages.swift */,
			);
			path = Model;
			sourceTree = "<group>";
		};
		1E259C8C282D94DF0082033A /* TableView */ = {
			isa = PBXGroup;
			children = (
				1E259C8D282D951D0082033A /* ChatMessages+TableView.swift */,
				1E259C90282D96490082033A /* MessagePopTableViewCell.swift */,
				1E259C91282D96490082033A /* MessagePopTableViewCell.xib */,
			);
			path = TableView;
			sourceTree = "<group>";
		};
		1E31F9DA2821F11D00FB18D6 /* login */ = {
			isa = PBXGroup;
			children = (
				1E31F9DD2821F19F00FB18D6 /* Presenter */,
				1E31F9DC2821F19300FB18D6 /* Model */,
				1E1568C02815AFD200D7C605 /* View */,
			);
			path = login;
			sourceTree = "<group>";
		};
		1E31F9DC2821F19300FB18D6 /* Model */ = {
			isa = PBXGroup;
			children = (
			);
			path = Model;
			sourceTree = "<group>";
		};
		1E31F9DD2821F19F00FB18D6 /* Presenter */ = {
			isa = PBXGroup;
			children = (
				1E0C2EB9282464E100A2AE10 /* LoginPresenter.swift */,
			);
			path = Presenter;
			sourceTree = "<group>";
		};
		1E31F9E22821FD7E00FB18D6 /* Home */ = {
			isa = PBXGroup;
			children = (
				1E31F9E52821FDB200FB18D6 /* Model */,
				1E31F9E42821FDA600FB18D6 /* View */,
				1E31F9E62821FDBB00FB18D6 /* Presenter */,
			);
			path = Home;
			sourceTree = "<group>";
		};
		1E31F9E42821FDA600FB18D6 /* View */ = {
			isa = PBXGroup;
			children = (
				1EFC73DE282717740069A510 /* TableViewCell */,
				1ECBFC6C28143CAC00ABE9D6 /* HomeViewController.swift */,
				1EFC73DB2827145A0069A510 /* HomeVC+TableView.swift */,
			);
			path = View;
			sourceTree = "<group>";
		};
		1E31F9E52821FDB200FB18D6 /* Model */ = {
			isa = PBXGroup;
			children = (
				1E6E504B281ADC3D0054FEA8 /* Tweets.swift */,
			);
			path = Model;
			sourceTree = "<group>";
		};
		1E31F9E62821FDBB00FB18D6 /* Presenter */ = {
			isa = PBXGroup;
			children = (
				1E31F9E9282201D300FB18D6 /* HomePresenter.swift */,
			);
			path = Presenter;
			sourceTree = "<group>";
		};
		1E31F9ED2822028B00FB18D6 /* Create A Tweet */ = {
			isa = PBXGroup;
			children = (
				1E31F9F3282202EA00FB18D6 /* Model */,
				1E31F9EE282202A400FB18D6 /* View */,
				1E31F9EF282202B600FB18D6 /* Presenter */,
			);
			path = "Create A Tweet";
			sourceTree = "<group>";
		};
		1E31F9EE282202A400FB18D6 /* View */ = {
			isa = PBXGroup;
			children = (
				1E694317281847DC00894579 /* CreateATweetViewController.swift */,
				1EFC73DF282717C90069A510 /* NewTweet+TextViewDelegate.swift */,
				1EE49510282C73D500CB9C45 /* CreateATweet.storyboard */,
				1E0BF628283BB5DF00A4B706 /* newTweet+PickerController.swift */,
			);
			path = View;
			sourceTree = "<group>";
		};
		1E31F9EF282202B600FB18D6 /* Presenter */ = {
			isa = PBXGroup;
			children = (
				1E31F9F0282202C700FB18D6 /* NewTweetPresenter.swift */,
			);
			path = Presenter;
			sourceTree = "<group>";
		};
		1E31F9F3282202EA00FB18D6 /* Model */ = {
			isa = PBXGroup;
			children = (
			);
			path = Model;
			sourceTree = "<group>";
		};
		1E31F9F42822042D00FB18D6 /* Search */ = {
			isa = PBXGroup;
			children = (
				1E31F9F62822044600FB18D6 /* View */,
				1E31F9F72822044D00FB18D6 /* Presenter */,
			);
			path = Search;
			sourceTree = "<group>";
		};
		1E31F9F62822044600FB18D6 /* View */ = {
			isa = PBXGroup;
			children = (
				1E9E4BE428500273001B2C08 /* TableView */,
				1ECBFC6F28143F2000ABE9D6 /* SearchViewController.swift */,
				1E160291284D01CD0060E0C3 /* SearchVC+TextField.swift */,
			);
			path = View;
			sourceTree = "<group>";
		};
		1E31F9F72822044D00FB18D6 /* Presenter */ = {
			isa = PBXGroup;
			children = (
				1E31F9F82822046C00FB18D6 /* SearchPresenter.swift */,
			);
			path = Presenter;
			sourceTree = "<group>";
		};
		1E31F9FC2822060300FB18D6 /* Notification */ = {
			isa = PBXGroup;
			children = (
				1E31F9FF2822063F00FB18D6 /* Presenter */,
				1E31F9FE2822063A00FB18D6 /* Model */,
				1E31F9FD2822061200FB18D6 /* View */,
			);
			path = Notification;
			sourceTree = "<group>";
		};
		1E31F9FD2822061200FB18D6 /* View */ = {
			isa = PBXGroup;
			children = (
				1ECBFC7228143F2C00ABE9D6 /* NotificationsViewController.swift */,
			);
			path = View;
			sourceTree = "<group>";
		};
		1E31F9FE2822063A00FB18D6 /* Model */ = {
			isa = PBXGroup;
			children = (
			);
			path = Model;
			sourceTree = "<group>";
		};
		1E31F9FF2822063F00FB18D6 /* Presenter */ = {
			isa = PBXGroup;
			children = (
				1E31FA002822065B00FB18D6 /* NotificationPresenter.swift */,
			);
			path = Presenter;
			sourceTree = "<group>";
		};
		1E31FA03282206B500FB18D6 /* Messages */ = {
			isa = PBXGroup;
			children = (
				1E31FA06282206D900FB18D6 /* Presenter */,
				1E31FA05282206D400FB18D6 /* View */,
				1E31FA04282206CD00FB18D6 /* Model */,
			);
			path = Messages;
			sourceTree = "<group>";
		};
		1E31FA04282206CD00FB18D6 /* Model */ = {
			isa = PBXGroup;
			children = (
				1E6E5062281AE3C00054FEA8 /* Message.swift */,
			);
			path = Model;
			sourceTree = "<group>";
		};
		1E31FA05282206D400FB18D6 /* View */ = {
			isa = PBXGroup;
			children = (
				1ECBFC7428143F3900ABE9D6 /* MessagesViewController.swift */,
				1E6E5065281AE6180054FEA8 /* MessagesTableViewCell.swift */,
			);
			path = View;
			sourceTree = "<group>";
		};
		1E31FA06282206D900FB18D6 /* Presenter */ = {
			isa = PBXGroup;
			children = (
			);
			path = Presenter;
			sourceTree = "<group>";
		};
		1E31FA072822076000FB18D6 /* SideMenu */ = {
			isa = PBXGroup;
			children = (
				1E31FA092822077B00FB18D6 /* Model */,
				1E31FA082822076D00FB18D6 /* View */,
				1E31FA0A2822078100FB18D6 /* Presenter */,
			);
			path = SideMenu;
			sourceTree = "<group>";
		};
		1E31FA082822076D00FB18D6 /* View */ = {
			isa = PBXGroup;
			children = (
				1ECBFC782814415500ABE9D6 /* RootSideMenuTVC.swift */,
			);
			path = View;
			sourceTree = "<group>";
		};
		1E31FA092822077B00FB18D6 /* Model */ = {
			isa = PBXGroup;
			children = (
			);
			path = Model;
			sourceTree = "<group>";
		};
		1E31FA0A2822078100FB18D6 /* Presenter */ = {
			isa = PBXGroup;
			children = (
				1E259C99282DA8E90082033A /* RootSideMenuPresenter.swift */,
			);
			path = Presenter;
			sourceTree = "<group>";
		};
		1E31FA0B2822079500FB18D6 /* Settings */ = {
			isa = PBXGroup;
			children = (
				1E31FA0C2822079C00FB18D6 /* Model */,
				1E31FA0D282207A200FB18D6 /* View */,
				1E31FA0E282207A600FB18D6 /* Presenter */,
			);
			path = Settings;
			sourceTree = "<group>";
		};
		1E31FA0C2822079C00FB18D6 /* Model */ = {
			isa = PBXGroup;
			children = (
			);
			path = Model;
			sourceTree = "<group>";
		};
		1E31FA0D282207A200FB18D6 /* View */ = {
			isa = PBXGroup;
			children = (
				1ECBFC832814511000ABE9D6 /* SettingsViewController.swift */,
				1EE4950D282C71DE00CB9C45 /* Settings.storyboard */,
			);
			path = View;
			sourceTree = "<group>";
		};
		1E31FA0E282207A600FB18D6 /* Presenter */ = {
			isa = PBXGroup;
			children = (
				1E31FA0F282207C500FB18D6 /* SettingsPresenter.swift */,
			);
			path = Presenter;
			sourceTree = "<group>";
		};
		1E3CC3DE284B794700A33755 /* UsersProfile */ = {
			isa = PBXGroup;
			children = (
				1E3CC3E1284B796700A33755 /* Model */,
				1E3CC3E0284B795C00A33755 /* View */,
				1E3CC3DF284B795500A33755 /* Presenter */,
			);
			path = UsersProfile;
			sourceTree = "<group>";
		};
		1E3CC3DF284B795500A33755 /* Presenter */ = {
			isa = PBXGroup;
			children = (
				1E3CC3E9284B7A4D00A33755 /* UsersProfilePresenter.swift */,
			);
			path = Presenter;
			sourceTree = "<group>";
		};
		1E3CC3E0284B795C00A33755 /* View */ = {
			isa = PBXGroup;
			children = (
				1E3CC3E2284B798A00A33755 /* UsersProfileViewController.swift */,
				1E3CC3E6284B79B200A33755 /* UsersProfile.storyboard */,
				1EE3778228548E98009D5363 /* TableView */,
			);
			path = View;
			sourceTree = "<group>";
		};
		1E3CC3E1284B796700A33755 /* Model */ = {
			isa = PBXGroup;
			children = (
			);
			path = Model;
			sourceTree = "<group>";
		};
		1E3FB4812826A314007343D9 /* SignUp */ = {
			isa = PBXGroup;
			children = (
				1E3FB4842826A335007343D9 /* Model */,
				1E3FB4832826A32C007343D9 /* View */,
				1E3FB4822826A323007343D9 /* Presenter */,
			);
			path = SignUp;
			sourceTree = "<group>";
		};
		1E3FB4822826A323007343D9 /* Presenter */ = {
			isa = PBXGroup;
			children = (
				1E26D8C22825AE9900BDC7B5 /* SignUpPresenter.swift */,
			);
			path = Presenter;
			sourceTree = "<group>";
		};
		1E3FB4832826A32C007343D9 /* View */ = {
			isa = PBXGroup;
			children = (
				1E7DE1C828130596003CEE5D /* SignUpViewController.swift */,
				1E3FB4852826A375007343D9 /* SignUpView+TextViewDelegate.swift */,
			);
			path = View;
			sourceTree = "<group>";
		};
		1E3FB4842826A335007343D9 /* Model */ = {
			isa = PBXGroup;
			children = (
			);
			path = Model;
			sourceTree = "<group>";
		};
		1E7DE1902812F93C003CEE5D = {
			isa = PBXGroup;
			children = (
				1E7DE19B2812F93C003CEE5D /* twitterClone */,
				1E0C2EE3282470F900A2AE10 /* Resources */,
				1E7DE19A2812F93C003CEE5D /* Products */,
				C0E990A4DEB0ABC0D6E3FC7D /* Pods */,
				808697150A89619916CE5941 /* Frameworks */,
			);
			sourceTree = "<group>";
		};
		1E7DE19A2812F93C003CEE5D /* Products */ = {
			isa = PBXGroup;
			children = (
				1E7DE1992812F93C003CEE5D /* twitterClone.app */,
			);
			name = Products;
			sourceTree = "<group>";
		};
		1E7DE19B2812F93C003CEE5D /* twitterClone */ = {
			isa = PBXGroup;
			children = (
				1E7DE19C2812F93C003CEE5D /* AppDelegate.swift */,
				1E7DE19E2812F93C003CEE5D /* SceneDelegate.swift */,
				1EEC20DA283A7F6100141CF2 /* TweeterUsers.swift */,
				1E3FB4812826A314007343D9 /* SignUp */,
				1E31F9DA2821F11D00FB18D6 /* login */,
				1E31F9E22821FD7E00FB18D6 /* Home */,
				1E31F9ED2822028B00FB18D6 /* Create A Tweet */,
				1ECC411B28305C1A008B8AA6 /* TweetDetails */,
				1E3CC3DE284B794700A33755 /* UsersProfile */,
				1EE49513282C74D100CB9C45 /* Profile */,
				1E259C6D282D660A0082033A /* editProfile */,
				1E31FA0B2822079500FB18D6 /* Settings */,
				1E31FA03282206B500FB18D6 /* Messages */,
				1E259C7C282D882E0082033A /* ChatMessages */,
				1E31F9F42822042D00FB18D6 /* Search */,
				1E9E4BD4284FFEFD001B2C08 /* ProfileBySearch */,
				1E31F9FC2822060300FB18D6 /* Notification */,
				1E31FA072822076000FB18D6 /* SideMenu */,
				1E7DE1A22812F93C003CEE5D /* Main.storyboard */,
				1E7DE1AA2812F940003CEE5D /* Info.plist */,
				1E7DE1B12812FA23003CEE5D /* GoogleService-Info.plist */,
			);
			path = twitterClone;
			sourceTree = "<group>";
		};
		1E9E4BD4284FFEFD001B2C08 /* ProfileBySearch */ = {
			isa = PBXGroup;
			children = (
				1E9E4BD7284FFF24001B2C08 /* Model */,
				1E9E4BD6284FFF1B001B2C08 /* View */,
				1E9E4BD5284FFF12001B2C08 /* Presenter */,
			);
			path = ProfileBySearch;
			sourceTree = "<group>";
		};
		1E9E4BD5284FFF12001B2C08 /* Presenter */ = {
			isa = PBXGroup;
			children = (
				1EFF1F9B28508E1600F18BBE /* ProfileBySearchPresenter.swift */,
			);
			path = Presenter;
			sourceTree = "<group>";
		};
		1E9E4BD6284FFF1B001B2C08 /* View */ = {
			isa = PBXGroup;
			children = (
				1E9E4BD8284FFF4E001B2C08 /* ProfileFromSearchVC.swift */,
				1E9E4BDC284FFF60001B2C08 /* ProfileFromSearch.storyboard */,
				1E2F04602851240500ED3FAF /* ProfileBySearch+TableView.swift */,
			);
			path = View;
			sourceTree = "<group>";
		};
		1E9E4BD7284FFF24001B2C08 /* Model */ = {
			isa = PBXGroup;
			children = (
			);
			path = Model;
			sourceTree = "<group>";
		};
		1E9E4BE428500273001B2C08 /* TableView */ = {
			isa = PBXGroup;
			children = (
				1E16028E284D00B40060E0C3 /* SearchVC+TableView.swift */,
				1E9E4BDF2850026D001B2C08 /* SearchTableViewCell.swift */,
				1E9E4BE02850026D001B2C08 /* SearchTableViewCell.xib */,
			);
			path = TableView;
			sourceTree = "<group>";
		};
		1EB2F97C28522A2C00AA1BF4 /* TableView */ = {
			isa = PBXGroup;
			children = (
				1E259C95282DA86E0082033A /* ProfileVC+TableView.swift */,
				1EB2F97728522A2400AA1BF4 /* TweetsProfileTableViewCell.swift */,
				1EB2F97828522A2400AA1BF4 /* TweetsProfileTableViewCell.xib */,
			);
			path = TableView;
			sourceTree = "<group>";
		};
		1ECC411B28305C1A008B8AA6 /* TweetDetails */ = {
			isa = PBXGroup;
			children = (
				1ECC411E28305C52008B8AA6 /* Presenter */,
				1ECC411C28305C38008B8AA6 /* View */,
			);
			path = TweetDetails;
			sourceTree = "<group>";
		};
		1ECC411C28305C38008B8AA6 /* View */ = {
			isa = PBXGroup;
			children = (
				1EDEED0A28361FDB00D1ADCD /* tableView */,
				1ECC412328305D71008B8AA6 /* TweetDetailsViewController.swift */,
				1ECC412628306413008B8AA6 /* TweetDetails.storyboard */,
			);
			path = View;
			sourceTree = "<group>";
		};
		1ECC411E28305C52008B8AA6 /* Presenter */ = {
			isa = PBXGroup;
			children = (
				1ECC412028305CB2008B8AA6 /* TweetDetailsPresenter.swift */,
			);
			path = Presenter;
			sourceTree = "<group>";
		};
		1EDEED0A28361FDB00D1ADCD /* tableView */ = {
			isa = PBXGroup;
			children = (
				1EDEED0B28361FF700D1ADCD /* TweetDetailsVC+TableView.swift */,
				1EDEED0E2836207300D1ADCD /* TweetDetailsTableViewCell.swift */,
				1EDEED0F2836207300D1ADCD /* TweetDetailsTableViewCell.xib */,
			);
			path = tableView;
			sourceTree = "<group>";
		};
		1EE3778228548E98009D5363 /* TableView */ = {
			isa = PBXGroup;
			children = (
				1E3CC3ED284B956600A33755 /* UsersProfileVC+TableView.swift */,
				1EE3777D28548E87009D5363 /* UsersProfileTableViewCell.swift */,
				1EE3777E28548E87009D5363 /* UsersProfileTableViewCell.xib */,
			);
			path = TableView;
			sourceTree = "<group>";
		};
		1EE49513282C74D100CB9C45 /* Profile */ = {
			isa = PBXGroup;
			children = (
				1EE49515282C74F200CB9C45 /* View */,
				1EE49516282C74F600CB9C45 /* Presenter */,
			);
			path = Profile;
			sourceTree = "<group>";
		};
		1EE49515282C74F200CB9C45 /* View */ = {
			isa = PBXGroup;
			children = (
				1EB2F97C28522A2C00AA1BF4 /* TableView */,
				1EE49517282C754500CB9C45 /* ProfileViewController.swift */,
				1EE4951A282C755100CB9C45 /* Profile.storyboard */,
			);
			path = View;
			sourceTree = "<group>";
		};
		1EE49516282C74F600CB9C45 /* Presenter */ = {
			isa = PBXGroup;
			children = (
				1EE4951D282C75F200CB9C45 /* ProfilePresenter.swift */,
			);
			path = Presenter;
			sourceTree = "<group>";
		};
		1EFC73DE282717740069A510 /* TableViewCell */ = {
			isa = PBXGroup;
			children = (
				1E6DD0322816E93400673F76 /* TweetTableViewCell.swift */,
				1E6DD0332816E93400673F76 /* TweetTableViewCell.xib */,
			);
			path = TableViewCell;
			sourceTree = "<group>";
		};
		808697150A89619916CE5941 /* Frameworks */ = {
			isa = PBXGroup;
			children = (
				C92F637FB769A3CFBC0A3836 /* Pods_twitterClone.framework */,
			);
			name = Frameworks;
			sourceTree = "<group>";
		};
		C0E990A4DEB0ABC0D6E3FC7D /* Pods */ = {
			isa = PBXGroup;
			children = (
				7DDF472B9AFA5ECAEF64CBD0 /* Pods-twitterClone.debug.xcconfig */,
				A6B9218C6B47FBD61755424B /* Pods-twitterClone.release.xcconfig */,
			);
			path = Pods;
			sourceTree = "<group>";
		};
/* End PBXGroup section */

/* Begin PBXNativeTarget section */
		1E7DE1982812F93C003CEE5D /* twitterClone */ = {
			isa = PBXNativeTarget;
			buildConfigurationList = 1E7DE1AD2812F940003CEE5D /* Build configuration list for PBXNativeTarget "twitterClone" */;
			buildPhases = (
				00ECADBCC9A7FFE4BE7D851E /* [CP] Check Pods Manifest.lock */,
				1E7DE1952812F93C003CEE5D /* Sources */,
				1E7DE1962812F93C003CEE5D /* Frameworks */,
				1E7DE1972812F93C003CEE5D /* Resources */,
				48CCC1A90FD40C42D50AC0AA /* [CP] Embed Pods Frameworks */,
			);
			buildRules = (
			);
			dependencies = (
			);
			name = twitterClone;
			productName = twitterClone;
			productReference = 1E7DE1992812F93C003CEE5D /* twitterClone.app */;
			productType = "com.apple.product-type.application";
		};
/* End PBXNativeTarget section */

/* Begin PBXProject section */
		1E7DE1912812F93C003CEE5D /* Project object */ = {
			isa = PBXProject;
			attributes = {
				LastSwiftUpdateCheck = 1220;
				LastUpgradeCheck = 1220;
				TargetAttributes = {
					1E7DE1982812F93C003CEE5D = {
						CreatedOnToolsVersion = 12.2;
					};
				};
			};
			buildConfigurationList = 1E7DE1942812F93C003CEE5D /* Build configuration list for PBXProject "twitterClone" */;
			compatibilityVersion = "Xcode 9.3";
			developmentRegion = en;
			hasScannedForEncodings = 0;
			knownRegions = (
				en,
				Base,
			);
			mainGroup = 1E7DE1902812F93C003CEE5D;
			productRefGroup = 1E7DE19A2812F93C003CEE5D /* Products */;
			projectDirPath = "";
			projectRoot = "";
			targets = (
				1E7DE1982812F93C003CEE5D /* twitterClone */,
			);
		};
/* End PBXProject section */

/* Begin PBXResourcesBuildPhase section */
		1E7DE1972812F93C003CEE5D /* Resources */ = {
			isa = PBXResourcesBuildPhase;
			buildActionMask = 2147483647;
			files = (
				1E6DD0352816E93400673F76 /* TweetTableViewCell.xib in Resources */,
				1E9E4BE22850026D001B2C08 /* SearchTableViewCell.xib in Resources */,
				1E259C93282D96490082033A /* MessagePopTableViewCell.xib in Resources */,
				1E7DE1A92812F940003CEE5D /* LaunchScreen.storyboard in Resources */,
				1EE3778028548E87009D5363 /* UsersProfileTableViewCell.xib in Resources */,
				1EE4951B282C755100CB9C45 /* Profile.storyboard in Resources */,
				1E7DE1B22812FA23003CEE5D /* GoogleService-Info.plist in Resources */,
				1ECC412728306413008B8AA6 /* TweetDetails.storyboard in Resources */,
				1EE4950E282C71DE00CB9C45 /* Settings.storyboard in Resources */,
				1E3CC3E7284B79B200A33755 /* UsersProfile.storyboard in Resources */,
				1E9E4BDD284FFF60001B2C08 /* ProfileFromSearch.storyboard in Resources */,
				1E7DE1A62812F940003CEE5D /* Assets.xcassets in Resources */,
				1E259C76282D66B80082033A /* EditProfile.storyboard in Resources */,
				1EE49511282C73D500CB9C45 /* CreateATweet.storyboard in Resources */,
				1E259C84282D88E60082033A /* ChatMessages.storyboard in Resources */,
				1E7DE1A42812F93C003CEE5D /* Main.storyboard in Resources */,
				1EDEED112836207300D1ADCD /* TweetDetailsTableViewCell.xib in Resources */,
				1EB2F97A28522A2400AA1BF4 /* TweetsProfileTableViewCell.xib in Resources */,
			);
			runOnlyForDeploymentPostprocessing = 0;
		};
/* End PBXResourcesBuildPhase section */

/* Begin PBXShellScriptBuildPhase section */
		00ECADBCC9A7FFE4BE7D851E /* [CP] Check Pods Manifest.lock */ = {
			isa = PBXShellScriptBuildPhase;
			buildActionMask = 2147483647;
			files = (
			);
			inputFileListPaths = (
			);
			inputPaths = (
				"${PODS_PODFILE_DIR_PATH}/Podfile.lock",
				"${PODS_ROOT}/Manifest.lock",
			);
			name = "[CP] Check Pods Manifest.lock";
			outputFileListPaths = (
			);
			outputPaths = (
				"$(DERIVED_FILE_DIR)/Pods-twitterClone-checkManifestLockResult.txt",
			);
			runOnlyForDeploymentPostprocessing = 0;
			shellPath = /bin/sh;
			shellScript = "diff \"${PODS_PODFILE_DIR_PATH}/Podfile.lock\" \"${PODS_ROOT}/Manifest.lock\" > /dev/null\nif [ $? != 0 ] ; then\n    # print error to STDERR\n    echo \"error: The sandbox is not in sync with the Podfile.lock. Run 'pod install' or update your CocoaPods installation.\" >&2\n    exit 1\nfi\n# This output is used by Xcode 'outputs' to avoid re-running this script phase.\necho \"SUCCESS\" > \"${SCRIPT_OUTPUT_FILE_0}\"\n";
			showEnvVarsInLog = 0;
		};
		48CCC1A90FD40C42D50AC0AA /* [CP] Embed Pods Frameworks */ = {
			isa = PBXShellScriptBuildPhase;
			buildActionMask = 2147483647;
			files = (
			);
			inputFileListPaths = (
				"${PODS_ROOT}/Target Support Files/Pods-twitterClone/Pods-twitterClone-frameworks-${CONFIGURATION}-input-files.xcfilelist",
			);
			name = "[CP] Embed Pods Frameworks";
			outputFileListPaths = (
				"${PODS_ROOT}/Target Support Files/Pods-twitterClone/Pods-twitterClone-frameworks-${CONFIGURATION}-output-files.xcfilelist",
			);
			runOnlyForDeploymentPostprocessing = 0;
			shellPath = /bin/sh;
			shellScript = "\"${PODS_ROOT}/Target Support Files/Pods-twitterClone/Pods-twitterClone-frameworks.sh\"\n";
			showEnvVarsInLog = 0;
		};
/* End PBXShellScriptBuildPhase section */

/* Begin PBXSourcesBuildPhase section */
		1E7DE1952812F93C003CEE5D /* Sources */ = {
			isa = PBXSourcesBuildPhase;
			buildActionMask = 2147483647;
			files = (
				1E0BF629283BB5DF00A4B706 /* newTweet+PickerController.swift in Sources */,
				1E7DE1C62813058A003CEE5D /* LoginViewController.swift in Sources */,
				1E26D8C32825AE9900BDC7B5 /* SignUpPresenter.swift in Sources */,
				1E6E5066281AE6180054FEA8 /* MessagesTableViewCell.swift in Sources */,
				1E9E4BD9284FFF4E001B2C08 /* ProfileFromSearchVC.swift in Sources */,
				1E31F9F92822046C00FB18D6 /* SearchPresenter.swift in Sources */,
				1ECC412128305CB2008B8AA6 /* TweetDetailsPresenter.swift in Sources */,
				1E259C9A282DA8E90082033A /* RootSideMenuPresenter.swift in Sources */,
				1E259C8E282D951D0082033A /* ChatMessages+TableView.swift in Sources */,
				1E9E4BE12850026D001B2C08 /* SearchTableViewCell.swift in Sources */,
				1EE4951E282C75F200CB9C45 /* ProfilePresenter.swift in Sources */,
				1E259C81282D88580082033A /* Messages.swift in Sources */,
				1E3CC3EA284B7A4D00A33755 /* UsersProfilePresenter.swift in Sources */,
				1EDEED0C28361FF700D1ADCD /* TweetDetailsVC+TableView.swift in Sources */,
				1E694318281847DC00894579 /* CreateATweetViewController.swift in Sources */,
				1E0C2EBA282464E100A2AE10 /* LoginPresenter.swift in Sources */,
				1E7DE1A12812F93C003CEE5D /* ViewController.swift in Sources */,
				1ECBFC7028143F2000ABE9D6 /* SearchViewController.swift in Sources */,
				1ECBFC6D28143CAC00ABE9D6 /* HomeViewController.swift in Sources */,
				1E31FA10282207C500FB18D6 /* SettingsPresenter.swift in Sources */,
				1ECBFC7328143F2C00ABE9D6 /* NotificationsViewController.swift in Sources */,
				1E3FB48B2826A4EE007343D9 /* LoginVC+TextFieldDelegate.swift in Sources */,
				1EE49518282C754500CB9C45 /* ProfileViewController.swift in Sources */,
				1E3FB4862826A375007343D9 /* SignUpView+TextViewDelegate.swift in Sources */,
				1ECBFC792814415500ABE9D6 /* RootSideMenuTVC.swift in Sources */,
				1E259C72282D66A20082033A /* EditProfileViewController.swift in Sources */,
				1E259C96282DA86E0082033A /* ProfileVC+TableView.swift in Sources */,
				1ED6F5812848FBB800FDEE0C /* editProfile+Picker.swift in Sources */,
				1EEC20DB283A7F6200141CF2 /* TweeterUsers.swift in Sources */,
				1E3CC3E3284B798A00A33755 /* UsersProfileViewController.swift in Sources */,
				1E16028F284D00B40060E0C3 /* SearchVC+TableView.swift in Sources */,
				1E259C7A282D67420082033A /* EditProfilePresenter.swift in Sources */,
				1E3CC3EE284B956600A33755 /* UsersProfileVC+TableView.swift in Sources */,
				1EDEED102836207300D1ADCD /* TweetDetailsTableViewCell.swift in Sources */,
				1E259C87282D89980082033A /* ChatMessageViewController.swift in Sources */,
				1E31F9F1282202C700FB18D6 /* NewTweetPresenter.swift in Sources */,
				1E160292284D01CD0060E0C3 /* SearchVC+TextField.swift in Sources */,
				1EFF1F9C28508E1600F18BBE /* ProfileBySearchPresenter.swift in Sources */,
				1E24D06E283932A7005DFF28 /* timesAgo.swift in Sources */,
				1E6E504C281ADC3D0054FEA8 /* Tweets.swift in Sources */,
				1E6DD0342816E93400673F76 /* TweetTableViewCell.swift in Sources */,
				1E7DE19D2812F93C003CEE5D /* AppDelegate.swift in Sources */,
				1E31FA012822065B00FB18D6 /* NotificationPresenter.swift in Sources */,
				1EFC73E0282717C90069A510 /* NewTweet+TextViewDelegate.swift in Sources */,
				1E31F9EA282201D300FB18D6 /* HomePresenter.swift in Sources */,
				1E259C92282D96490082033A /* MessagePopTableViewCell.swift in Sources */,
				1EB2F97928522A2400AA1BF4 /* TweetsProfileTableViewCell.swift in Sources */,
				1E7DE19F2812F93C003CEE5D /* SceneDelegate.swift in Sources */,
				1ECBFC7528143F3900ABE9D6 /* MessagesViewController.swift in Sources */,
				1E6E5063281AE3C00054FEA8 /* Message.swift in Sources */,
				1EFC73DC2827145A0069A510 /* HomeVC+TableView.swift in Sources */,
				1E2F04612851240500ED3FAF /* ProfileBySearch+TableView.swift in Sources */,
				1E7DE1C928130596003CEE5D /* SignUpViewController.swift in Sources */,
				1ECBFC842814511000ABE9D6 /* SettingsViewController.swift in Sources */,
				1E259C8A282D89B70082033A /* ChatMessagesPresenter.swift in Sources */,
				1ECC412428305D71008B8AA6 /* TweetDetailsViewController.swift in Sources */,
				1EE3777F28548E87009D5363 /* UsersProfileTableViewCell.swift in Sources */,
				1E3FB45228269FBF007343D9 /* Constants.swift in Sources */,
			);
			runOnlyForDeploymentPostprocessing = 0;
		};
/* End PBXSourcesBuildPhase section */

/* Begin PBXVariantGroup section */
		1E7DE1A22812F93C003CEE5D /* Main.storyboard */ = {
			isa = PBXVariantGroup;
			children = (
				1E7DE1A32812F93C003CEE5D /* Base */,
			);
			name = Main.storyboard;
			sourceTree = "<group>";
		};
		1E7DE1A72812F940003CEE5D /* LaunchScreen.storyboard */ = {
			isa = PBXVariantGroup;
			children = (
				1E7DE1A82812F940003CEE5D /* Base */,
			);
			name = LaunchScreen.storyboard;
			sourceTree = "<group>";
		};
/* End PBXVariantGroup section */

/* Begin XCBuildConfiguration section */
		1E7DE1AB2812F940003CEE5D /* Debug */ = {
			isa = XCBuildConfiguration;
			buildSettings = {
				ALWAYS_SEARCH_USER_PATHS = NO;
				CLANG_ANALYZER_NONNULL = YES;
				CLANG_ANALYZER_NUMBER_OBJECT_CONVERSION = YES_AGGRESSIVE;
				CLANG_CXX_LANGUAGE_STANDARD = "gnu++14";
				CLANG_CXX_LIBRARY = "libc++";
				CLANG_ENABLE_MODULES = YES;
				CLANG_ENABLE_OBJC_ARC = YES;
				CLANG_ENABLE_OBJC_WEAK = YES;
				CLANG_WARN_BLOCK_CAPTURE_AUTORELEASING = YES;
				CLANG_WARN_BOOL_CONVERSION = YES;
				CLANG_WARN_COMMA = YES;
				CLANG_WARN_CONSTANT_CONVERSION = YES;
				CLANG_WARN_DEPRECATED_OBJC_IMPLEMENTATIONS = YES;
				CLANG_WARN_DIRECT_OBJC_ISA_USAGE = YES_ERROR;
				CLANG_WARN_DOCUMENTATION_COMMENTS = YES;
				CLANG_WARN_EMPTY_BODY = YES;
				CLANG_WARN_ENUM_CONVERSION = YES;
				CLANG_WARN_INFINITE_RECURSION = YES;
				CLANG_WARN_INT_CONVERSION = YES;
				CLANG_WARN_NON_LITERAL_NULL_CONVERSION = YES;
				CLANG_WARN_OBJC_IMPLICIT_RETAIN_SELF = YES;
				CLANG_WARN_OBJC_LITERAL_CONVERSION = YES;
				CLANG_WARN_OBJC_ROOT_CLASS = YES_ERROR;
				CLANG_WARN_QUOTED_INCLUDE_IN_FRAMEWORK_HEADER = YES;
				CLANG_WARN_RANGE_LOOP_ANALYSIS = YES;
				CLANG_WARN_STRICT_PROTOTYPES = YES;
				CLANG_WARN_SUSPICIOUS_MOVE = YES;
				CLANG_WARN_UNGUARDED_AVAILABILITY = YES_AGGRESSIVE;
				CLANG_WARN_UNREACHABLE_CODE = YES;
				CLANG_WARN__DUPLICATE_METHOD_MATCH = YES;
				COPY_PHASE_STRIP = NO;
				DEBUG_INFORMATION_FORMAT = dwarf;
				ENABLE_STRICT_OBJC_MSGSEND = YES;
				ENABLE_TESTABILITY = YES;
				GCC_C_LANGUAGE_STANDARD = gnu11;
				GCC_DYNAMIC_NO_PIC = NO;
				GCC_NO_COMMON_BLOCKS = YES;
				GCC_OPTIMIZATION_LEVEL = 0;
				GCC_PREPROCESSOR_DEFINITIONS = (
					"DEBUG=1",
					"$(inherited)",
				);
				GCC_WARN_64_TO_32_BIT_CONVERSION = YES;
				GCC_WARN_ABOUT_RETURN_TYPE = YES_ERROR;
				GCC_WARN_UNDECLARED_SELECTOR = YES;
				GCC_WARN_UNINITIALIZED_AUTOS = YES_AGGRESSIVE;
				GCC_WARN_UNUSED_FUNCTION = YES;
				GCC_WARN_UNUSED_VARIABLE = YES;
				IPHONEOS_DEPLOYMENT_TARGET = 14.2;
				MTL_ENABLE_DEBUG_INFO = INCLUDE_SOURCE;
				MTL_FAST_MATH = YES;
				ONLY_ACTIVE_ARCH = YES;
				SDKROOT = iphoneos;
				SWIFT_ACTIVE_COMPILATION_CONDITIONS = DEBUG;
				SWIFT_OPTIMIZATION_LEVEL = "-Onone";
			};
			name = Debug;
		};
		1E7DE1AC2812F940003CEE5D /* Release */ = {
			isa = XCBuildConfiguration;
			buildSettings = {
				ALWAYS_SEARCH_USER_PATHS = NO;
				CLANG_ANALYZER_NONNULL = YES;
				CLANG_ANALYZER_NUMBER_OBJECT_CONVERSION = YES_AGGRESSIVE;
				CLANG_CXX_LANGUAGE_STANDARD = "gnu++14";
				CLANG_CXX_LIBRARY = "libc++";
				CLANG_ENABLE_MODULES = YES;
				CLANG_ENABLE_OBJC_ARC = YES;
				CLANG_ENABLE_OBJC_WEAK = YES;
				CLANG_WARN_BLOCK_CAPTURE_AUTORELEASING = YES;
				CLANG_WARN_BOOL_CONVERSION = YES;
				CLANG_WARN_COMMA = YES;
				CLANG_WARN_CONSTANT_CONVERSION = YES;
				CLANG_WARN_DEPRECATED_OBJC_IMPLEMENTATIONS = YES;
				CLANG_WARN_DIRECT_OBJC_ISA_USAGE = YES_ERROR;
				CLANG_WARN_DOCUMENTATION_COMMENTS = YES;
				CLANG_WARN_EMPTY_BODY = YES;
				CLANG_WARN_ENUM_CONVERSION = YES;
				CLANG_WARN_INFINITE_RECURSION = YES;
				CLANG_WARN_INT_CONVERSION = YES;
				CLANG_WARN_NON_LITERAL_NULL_CONVERSION = YES;
				CLANG_WARN_OBJC_IMPLICIT_RETAIN_SELF = YES;
				CLANG_WARN_OBJC_LITERAL_CONVERSION = YES;
				CLANG_WARN_OBJC_ROOT_CLASS = YES_ERROR;
				CLANG_WARN_QUOTED_INCLUDE_IN_FRAMEWORK_HEADER = YES;
				CLANG_WARN_RANGE_LOOP_ANALYSIS = YES;
				CLANG_WARN_STRICT_PROTOTYPES = YES;
				CLANG_WARN_SUSPICIOUS_MOVE = YES;
				CLANG_WARN_UNGUARDED_AVAILABILITY = YES_AGGRESSIVE;
				CLANG_WARN_UNREACHABLE_CODE = YES;
				CLANG_WARN__DUPLICATE_METHOD_MATCH = YES;
				COPY_PHASE_STRIP = NO;
				DEBUG_INFORMATION_FORMAT = "dwarf-with-dsym";
				ENABLE_NS_ASSERTIONS = NO;
				ENABLE_STRICT_OBJC_MSGSEND = YES;
				GCC_C_LANGUAGE_STANDARD = gnu11;
				GCC_NO_COMMON_BLOCKS = YES;
				GCC_WARN_64_TO_32_BIT_CONVERSION = YES;
				GCC_WARN_ABOUT_RETURN_TYPE = YES_ERROR;
				GCC_WARN_UNDECLARED_SELECTOR = YES;
				GCC_WARN_UNINITIALIZED_AUTOS = YES_AGGRESSIVE;
				GCC_WARN_UNUSED_FUNCTION = YES;
				GCC_WARN_UNUSED_VARIABLE = YES;
				IPHONEOS_DEPLOYMENT_TARGET = 14.2;
				MTL_ENABLE_DEBUG_INFO = NO;
				MTL_FAST_MATH = YES;
				SDKROOT = iphoneos;
				SWIFT_COMPILATION_MODE = wholemodule;
				SWIFT_OPTIMIZATION_LEVEL = "-O";
				VALIDATE_PRODUCT = YES;
			};
			name = Release;
		};
		1E7DE1AE2812F940003CEE5D /* Debug */ = {
			isa = XCBuildConfiguration;
			baseConfigurationReference = 7DDF472B9AFA5ECAEF64CBD0 /* Pods-twitterClone.debug.xcconfig */;
			buildSettings = {
				ASSETCATALOG_COMPILER_APPICON_NAME = AppIcon;
				ASSETCATALOG_COMPILER_GLOBAL_ACCENT_COLOR_NAME = AccentColor;
				CODE_SIGN_STYLE = Automatic;
				DEVELOPMENT_TEAM = 5N79QDCTNF;
				INFOPLIST_FILE = twitterClone/Info.plist;
				LD_RUNPATH_SEARCH_PATHS = (
					"$(inherited)",
					"@executable_path/Frameworks",
				);
				PRODUCT_BUNDLE_IDENTIFIER = comHashim.twitterClone;
				PRODUCT_NAME = "$(TARGET_NAME)";
				SWIFT_VERSION = 5.0;
				TARGETED_DEVICE_FAMILY = "1,2";
			};
			name = Debug;
		};
		1E7DE1AF2812F940003CEE5D /* Release */ = {
			isa = XCBuildConfiguration;
			baseConfigurationReference = A6B9218C6B47FBD61755424B /* Pods-twitterClone.release.xcconfig */;
			buildSettings = {
				ASSETCATALOG_COMPILER_APPICON_NAME = AppIcon;
				ASSETCATALOG_COMPILER_GLOBAL_ACCENT_COLOR_NAME = AccentColor;
				CODE_SIGN_STYLE = Automatic;
				DEVELOPMENT_TEAM = 5N79QDCTNF;
				INFOPLIST_FILE = twitterClone/Info.plist;
				LD_RUNPATH_SEARCH_PATHS = (
					"$(inherited)",
					"@executable_path/Frameworks",
				);
				PRODUCT_BUNDLE_IDENTIFIER = comHashim.twitterClone;
				PRODUCT_NAME = "$(TARGET_NAME)";
				SWIFT_VERSION = 5.0;
				TARGETED_DEVICE_FAMILY = "1,2";
			};
			name = Release;
		};
/* End XCBuildConfiguration section */

/* Begin XCConfigurationList section */
		1E7DE1942812F93C003CEE5D /* Build configuration list for PBXProject "twitterClone" */ = {
			isa = XCConfigurationList;
			buildConfigurations = (
				1E7DE1AB2812F940003CEE5D /* Debug */,
				1E7DE1AC2812F940003CEE5D /* Release */,
			);
			defaultConfigurationIsVisible = 0;
			defaultConfigurationName = Release;
		};
		1E7DE1AD2812F940003CEE5D /* Build configuration list for PBXNativeTarget "twitterClone" */ = {
			isa = XCConfigurationList;
			buildConfigurations = (
				1E7DE1AE2812F940003CEE5D /* Debug */,
				1E7DE1AF2812F940003CEE5D /* Release */,
			);
			defaultConfigurationIsVisible = 0;
			defaultConfigurationName = Release;
		};
/* End XCConfigurationList section */
	};
	rootObject = 1E7DE1912812F93C003CEE5D /* Project object */;
}
